<?xml version="1.0" encoding="UTF-8"?>
<Project ToolsVersion="15.0" xmlns="http://schemas.microsoft.com/developer/msbuild/2003">
  <ItemGroup>
    <CustomBuild Include="D:\Users\HOME\Documents\Visual Studio 2017\Projects\HMengine\bullet\CMakeFiles\6c3b18f10aa4df0c3d1fb868328eb9da\INSTALL_force.rule">
      <Filter>CMake Rules</Filter>
    </CustomBuild>
  </ItemGroup>
  <ItemGroup>
    <Filter Include="CMake Rules">
      <UniqueIdentifier>{31088B88-B177-33CC-9A3A-6A278A177306}</UniqueIdentifier>
    </Filter>
  </ItemGroup>
</Project>
