Microsoft Visual Studio Solution File, Format Version 12.00
# Visual Studio 15
Project("{8BC9CEB8-8B4A-11D0-8D11-00A0C91BC942}") = "ALL_BUILD", "ALL_BUILD.vcxproj", "{0BD8A433-4732-3DC3-996A-8A7C22E089A1}"
	ProjectSection(ProjectDependencies) = postProject
		{3A612CEE-3049-398B-87DD-60552006A92D} = {3A612CEE-3049-398B-87DD-60552006A92D}
		{61D0CB12-2A86-3D72-9F01-4B4FAC1C900F} = {61D0CB12-2A86-3D72-9F01-4B4FAC1C900F}
		{48EBE60A-2C76-3D5F-A06B-54F4F53F12A5} = {48EBE60A-2C76-3D5F-A06B-54F4F53F12A5}
		{D7E74BEE-3D11-33CA-A4C2-284CB73040D6} = {D7E74BEE-3D11-33CA-A4C2-284CB73040D6}
		{8742866D-BAE7-358D-95C2-298F673E8796} = {8742866D-BAE7-358D-95C2-298F673E8796}
		{163F48E9-2827-3CF1-974A-74D2960D309A} = {163F48E9-2827-3CF1-974A-74D2960D309A}
		{E5053336-955E-3E93-B3F0-17DD808EB299} = {E5053336-955E-3E93-B3F0-17DD808EB299}
		{A74A9F34-F1AA-3B40-9ED6-B5A2E1D806B2} = {A74A9F34-F1AA-3B40-9ED6-B5A2E1D806B2}
		{F2BD7E2A-6263-3733-9A2D-FF45EAA4CA06} = {F2BD7E2A-6263-3733-9A2D-FF45EAA4CA06}
		{91F6F288-73A5-3542-B13A-447ED4F72A0F} = {91F6F288-73A5-3542-B13A-447ED4F72A0F}
		{F675710B-BB27-367E-9D10-CF0BD4EEB653} = {F675710B-BB27-367E-9D10-CF0BD4EEB653}
		{24F53AFF-86AB-3B79-90DA-62132196B3F3} = {24F53AFF-86AB-3B79-90DA-62132196B3F3}
		{4CC3258E-2B6F-37AD-88EE-C51460B60986} = {4CC3258E-2B6F-37AD-88EE-C51460B60986}
		{05D0C91A-47AF-302F-90E1-FC1785BEED16} = {05D0C91A-47AF-302F-90E1-FC1785BEED16}
		{34DBEE87-3F1F-3D29-A14A-2DEAA9B0B4AD} = {34DBEE87-3F1F-3D29-A14A-2DEAA9B0B4AD}
		{AD56931A-8038-380F-8B0B-5847C9B8BA00} = {AD56931A-8038-380F-8B0B-5847C9B8BA00}
		{C41B40D3-5461-3FE1-9B59-895A89842A09} = {C41B40D3-5461-3FE1-9B59-895A89842A09}
		{703622D4-FAE9-3226-9FC1-DB3C702B11EC} = {703622D4-FAE9-3226-9FC1-DB3C702B11EC}
		{9CB4C862-A935-33A7-96A4-6DF1796ED1E6} = {9CB4C862-A935-33A7-96A4-6DF1796ED1E6}
		{5272990D-E925-31DB-8D61-9F4E5941BE54} = {5272990D-E925-31DB-8D61-9F4E5941BE54}
		{D4A59F90-F75A-3CC2-98DB-D4E59853AD9A} = {D4A59F90-F75A-3CC2-98DB-D4E59853AD9A}
		{FEC21DED-3F7C-3275-A464-93E7E0A57C39} = {FEC21DED-3F7C-3275-A464-93E7E0A57C39}
		{9660C950-4026-3B00-9830-E5CF8EC34A88} = {9660C950-4026-3B00-9830-E5CF8EC34A88}
		{FF0DD263-F820-3DA2-8B77-1A693BD016A4} = {FF0DD263-F820-3DA2-8B77-1A693BD016A4}
		{A5774653-7C62-3DD7-84B8-AE53B32409A7} = {A5774653-7C62-3DD7-84B8-AE53B32409A7}
		{4B2EFCB1-9109-3331-AFA4-C0230122B725} = {4B2EFCB1-9109-3331-AFA4-C0230122B725}
		{46119A91-08EF-3ECC-AF94-183065CC0B10} = {46119A91-08EF-3ECC-AF94-183065CC0B10}
		{093B8FC6-E595-3BC8-AB2E-755F9E192D04} = {093B8FC6-E595-3BC8-AB2E-755F9E192D04}
		{E3EFAF25-8E29-3DFF-B6A8-188E0918DEE1} = {E3EFAF25-8E29-3DFF-B6A8-188E0918DEE1}
		{895783CC-C2D9-3E8F-B643-87FEB521EBD8} = {895783CC-C2D9-3E8F-B643-87FEB521EBD8}
		{458100D9-5C60-3C11-90D3-8C2CFD23C629} = {458100D9-5C60-3C11-90D3-8C2CFD23C629}
		{EB91D8CD-8FBD-3EAC-BA6A-E281911BECFE} = {EB91D8CD-8FBD-3EAC-BA6A-E281911BECFE}
		{B658395F-27D5-3197-B241-B797F1298BEC} = {B658395F-27D5-3197-B241-B797F1298BEC}
		{9137706C-C41C-33F2-B1CA-19D0B1322C7D} = {9137706C-C41C-33F2-B1CA-19D0B1322C7D}
		{4D200B28-B393-3D36-968E-F64C19DB2822} = {4D200B28-B393-3D36-968E-F64C19DB2822}
		{574BBDA1-4937-33EB-8B9D-B4741F776A54} = {574BBDA1-4937-33EB-8B9D-B4741F776A54}
		{ECB3B533-38AB-36DA-B852-C7435360D82F} = {ECB3B533-38AB-36DA-B852-C7435360D82F}
		{8D4AF769-7717-3A05-9564-9F5D4987BE7E} = {8D4AF769-7717-3A05-9564-9F5D4987BE7E}
		{B8551947-826D-3FC0-9CC8-7A6C1919112C} = {B8551947-826D-3FC0-9CC8-7A6C1919112C}
		{CCDD3AD7-D77D-3238-AC26-BDB0E0332C4A} = {CCDD3AD7-D77D-3238-AC26-BDB0E0332C4A}
		{8D1F8707-5DBA-33B3-AFCD-15D7DA40936A} = {8D1F8707-5DBA-33B3-AFCD-15D7DA40936A}
		{94AF0E33-55D8-3D2E-9585-FA4391033909} = {94AF0E33-55D8-3D2E-9585-FA4391033909}
	EndProjectSection
EndProject
Project("{8BC9CEB8-8B4A-11D0-8D11-00A0C91BC942}") = "AppBasicExampleGui", "examples\BasicDemo\AppBasicExampleGui.vcxproj", "{3A612CEE-3049-398B-87DD-60552006A92D}"
	ProjectSection(ProjectDependencies) = postProject
		{24F53AFF-86AB-3B79-90DA-62132196B3F3} = {24F53AFF-86AB-3B79-90DA-62132196B3F3}
		{AD56931A-8038-380F-8B0B-5847C9B8BA00} = {AD56931A-8038-380F-8B0B-5847C9B8BA00}
		{C41B40D3-5461-3FE1-9B59-895A89842A09} = {C41B40D3-5461-3FE1-9B59-895A89842A09}
		{895783CC-C2D9-3E8F-B643-87FEB521EBD8} = {895783CC-C2D9-3E8F-B643-87FEB521EBD8}
		{458100D9-5C60-3C11-90D3-8C2CFD23C629} = {458100D9-5C60-3C11-90D3-8C2CFD23C629}
		{B8551947-826D-3FC0-9CC8-7A6C1919112C} = {B8551947-826D-3FC0-9CC8-7A6C1919112C}
	EndProjectSection
EndProject
Project("{8BC9CEB8-8B4A-11D0-8D11-00A0C91BC942}") = "App_BasicExample", "examples\BasicDemo\App_BasicExample.vcxproj", "{61D0CB12-2A86-3D72-9F01-4B4FAC1C900F}"
	ProjectSection(ProjectDependencies) = postProject
		{AD56931A-8038-380F-8B0B-5847C9B8BA00} = {AD56931A-8038-380F-8B0B-5847C9B8BA00}
		{C41B40D3-5461-3FE1-9B59-895A89842A09} = {C41B40D3-5461-3FE1-9B59-895A89842A09}
		{895783CC-C2D9-3E8F-B643-87FEB521EBD8} = {895783CC-C2D9-3E8F-B643-87FEB521EBD8}
		{B8551947-826D-3FC0-9CC8-7A6C1919112C} = {B8551947-826D-3FC0-9CC8-7A6C1919112C}
	EndProjectSection
EndProject
Project("{8BC9CEB8-8B4A-11D0-8D11-00A0C91BC942}") = "App_ExampleBrowser", "examples\ExampleBrowser\App_ExampleBrowser.vcxproj", "{48EBE60A-2C76-3D5F-A06B-54F4F53F12A5}"
	ProjectSection(ProjectDependencies) = postProject
		{24F53AFF-86AB-3B79-90DA-62132196B3F3} = {24F53AFF-86AB-3B79-90DA-62132196B3F3}
		{AD56931A-8038-380F-8B0B-5847C9B8BA00} = {AD56931A-8038-380F-8B0B-5847C9B8BA00}
		{C41B40D3-5461-3FE1-9B59-895A89842A09} = {C41B40D3-5461-3FE1-9B59-895A89842A09}
		{703622D4-FAE9-3226-9FC1-DB3C702B11EC} = {703622D4-FAE9-3226-9FC1-DB3C702B11EC}
		{5272990D-E925-31DB-8D61-9F4E5941BE54} = {5272990D-E925-31DB-8D61-9F4E5941BE54}
		{D4A59F90-F75A-3CC2-98DB-D4E59853AD9A} = {D4A59F90-F75A-3CC2-98DB-D4E59853AD9A}
		{9660C950-4026-3B00-9830-E5CF8EC34A88} = {9660C950-4026-3B00-9830-E5CF8EC34A88}
		{4B2EFCB1-9109-3331-AFA4-C0230122B725} = {4B2EFCB1-9109-3331-AFA4-C0230122B725}
		{895783CC-C2D9-3E8F-B643-87FEB521EBD8} = {895783CC-C2D9-3E8F-B643-87FEB521EBD8}
		{458100D9-5C60-3C11-90D3-8C2CFD23C629} = {458100D9-5C60-3C11-90D3-8C2CFD23C629}
		{B8551947-826D-3FC0-9CC8-7A6C1919112C} = {B8551947-826D-3FC0-9CC8-7A6C1919112C}
		{94AF0E33-55D8-3D2E-9585-FA4391033909} = {94AF0E33-55D8-3D2E-9585-FA4391033909}
	EndProjectSection
EndProject
Project("{8BC9CEB8-8B4A-11D0-8D11-00A0C91BC942}") = "App_HelloWorld", "examples\HelloWorld\App_HelloWorld.vcxproj", "{D7E74BEE-3D11-33CA-A4C2-284CB73040D6}"
	ProjectSection(ProjectDependencies) = postProject
		{AD56931A-8038-380F-8B0B-5847C9B8BA00} = {AD56931A-8038-380F-8B0B-5847C9B8BA00}
		{C41B40D3-5461-3FE1-9B59-895A89842A09} = {C41B40D3-5461-3FE1-9B59-895A89842A09}
		{895783CC-C2D9-3E8F-B643-87FEB521EBD8} = {895783CC-C2D9-3E8F-B643-87FEB521EBD8}
		{B8551947-826D-3FC0-9CC8-7A6C1919112C} = {B8551947-826D-3FC0-9CC8-7A6C1919112C}
	EndProjectSection
EndProject
Project("{8BC9CEB8-8B4A-11D0-8D11-00A0C91BC942}") = "App_PhysicsServer_SharedMemory", "examples\SharedMemory\App_PhysicsServer_SharedMemory.vcxproj", "{8742866D-BAE7-358D-95C2-298F673E8796}"
	ProjectSection(ProjectDependencies) = postProject
		{24F53AFF-86AB-3B79-90DA-62132196B3F3} = {24F53AFF-86AB-3B79-90DA-62132196B3F3}
		{AD56931A-8038-380F-8B0B-5847C9B8BA00} = {AD56931A-8038-380F-8B0B-5847C9B8BA00}
		{C41B40D3-5461-3FE1-9B59-895A89842A09} = {C41B40D3-5461-3FE1-9B59-895A89842A09}
		{9CB4C862-A935-33A7-96A4-6DF1796ED1E6} = {9CB4C862-A935-33A7-96A4-6DF1796ED1E6}
		{5272990D-E925-31DB-8D61-9F4E5941BE54} = {5272990D-E925-31DB-8D61-9F4E5941BE54}
		{D4A59F90-F75A-3CC2-98DB-D4E59853AD9A} = {D4A59F90-F75A-3CC2-98DB-D4E59853AD9A}
		{FF0DD263-F820-3DA2-8B77-1A693BD016A4} = {FF0DD263-F820-3DA2-8B77-1A693BD016A4}
		{4B2EFCB1-9109-3331-AFA4-C0230122B725} = {4B2EFCB1-9109-3331-AFA4-C0230122B725}
		{895783CC-C2D9-3E8F-B643-87FEB521EBD8} = {895783CC-C2D9-3E8F-B643-87FEB521EBD8}
		{B8551947-826D-3FC0-9CC8-7A6C1919112C} = {B8551947-826D-3FC0-9CC8-7A6C1919112C}
	EndProjectSection
EndProject
Project("{8BC9CEB8-8B4A-11D0-8D11-00A0C91BC942}") = "App_PhysicsServer_SharedMemory_GUI", "examples\SharedMemory\App_PhysicsServer_SharedMemory_GUI.vcxproj", "{163F48E9-2827-3CF1-974A-74D2960D309A}"
	ProjectSection(ProjectDependencies) = postProject
		{24F53AFF-86AB-3B79-90DA-62132196B3F3} = {24F53AFF-86AB-3B79-90DA-62132196B3F3}
		{AD56931A-8038-380F-8B0B-5847C9B8BA00} = {AD56931A-8038-380F-8B0B-5847C9B8BA00}
		{C41B40D3-5461-3FE1-9B59-895A89842A09} = {C41B40D3-5461-3FE1-9B59-895A89842A09}
		{9CB4C862-A935-33A7-96A4-6DF1796ED1E6} = {9CB4C862-A935-33A7-96A4-6DF1796ED1E6}
		{5272990D-E925-31DB-8D61-9F4E5941BE54} = {5272990D-E925-31DB-8D61-9F4E5941BE54}
		{D4A59F90-F75A-3CC2-98DB-D4E59853AD9A} = {D4A59F90-F75A-3CC2-98DB-D4E59853AD9A}
		{FF0DD263-F820-3DA2-8B77-1A693BD016A4} = {FF0DD263-F820-3DA2-8B77-1A693BD016A4}
		{4B2EFCB1-9109-3331-AFA4-C0230122B725} = {4B2EFCB1-9109-3331-AFA4-C0230122B725}
		{895783CC-C2D9-3E8F-B643-87FEB521EBD8} = {895783CC-C2D9-3E8F-B643-87FEB521EBD8}
		{458100D9-5C60-3C11-90D3-8C2CFD23C629} = {458100D9-5C60-3C11-90D3-8C2CFD23C629}
		{B8551947-826D-3FC0-9CC8-7A6C1919112C} = {B8551947-826D-3FC0-9CC8-7A6C1919112C}
	EndProjectSection
EndProject
Project("{8BC9CEB8-8B4A-11D0-8D11-00A0C91BC942}") = "App_PhysicsServer_SharedMemory_VR", "examples\SharedMemory\App_PhysicsServer_SharedMemory_VR.vcxproj", "{E5053336-955E-3E93-B3F0-17DD808EB299}"
	ProjectSection(ProjectDependencies) = postProject
		{24F53AFF-86AB-3B79-90DA-62132196B3F3} = {24F53AFF-86AB-3B79-90DA-62132196B3F3}
		{AD56931A-8038-380F-8B0B-5847C9B8BA00} = {AD56931A-8038-380F-8B0B-5847C9B8BA00}
		{C41B40D3-5461-3FE1-9B59-895A89842A09} = {C41B40D3-5461-3FE1-9B59-895A89842A09}
		{9CB4C862-A935-33A7-96A4-6DF1796ED1E6} = {9CB4C862-A935-33A7-96A4-6DF1796ED1E6}
		{5272990D-E925-31DB-8D61-9F4E5941BE54} = {5272990D-E925-31DB-8D61-9F4E5941BE54}
		{D4A59F90-F75A-3CC2-98DB-D4E59853AD9A} = {D4A59F90-F75A-3CC2-98DB-D4E59853AD9A}
		{FF0DD263-F820-3DA2-8B77-1A693BD016A4} = {FF0DD263-F820-3DA2-8B77-1A693BD016A4}
		{4B2EFCB1-9109-3331-AFA4-C0230122B725} = {4B2EFCB1-9109-3331-AFA4-C0230122B725}
		{895783CC-C2D9-3E8F-B643-87FEB521EBD8} = {895783CC-C2D9-3E8F-B643-87FEB521EBD8}
		{458100D9-5C60-3C11-90D3-8C2CFD23C629} = {458100D9-5C60-3C11-90D3-8C2CFD23C629}
		{B8551947-826D-3FC0-9CC8-7A6C1919112C} = {B8551947-826D-3FC0-9CC8-7A6C1919112C}
	EndProjectSection
EndProject
Project("{8BC9CEB8-8B4A-11D0-8D11-00A0C91BC942}") = "App_RobotSimulator", "examples\RobotSimulator\App_RobotSimulator.vcxproj", "{A74A9F34-F1AA-3B40-9ED6-B5A2E1D806B2}"
	ProjectSection(ProjectDependencies) = postProject
		{24F53AFF-86AB-3B79-90DA-62132196B3F3} = {24F53AFF-86AB-3B79-90DA-62132196B3F3}
		{AD56931A-8038-380F-8B0B-5847C9B8BA00} = {AD56931A-8038-380F-8B0B-5847C9B8BA00}
		{C41B40D3-5461-3FE1-9B59-895A89842A09} = {C41B40D3-5461-3FE1-9B59-895A89842A09}
		{703622D4-FAE9-3226-9FC1-DB3C702B11EC} = {703622D4-FAE9-3226-9FC1-DB3C702B11EC}
		{9CB4C862-A935-33A7-96A4-6DF1796ED1E6} = {9CB4C862-A935-33A7-96A4-6DF1796ED1E6}
		{5272990D-E925-31DB-8D61-9F4E5941BE54} = {5272990D-E925-31DB-8D61-9F4E5941BE54}
		{D4A59F90-F75A-3CC2-98DB-D4E59853AD9A} = {D4A59F90-F75A-3CC2-98DB-D4E59853AD9A}
		{9660C950-4026-3B00-9830-E5CF8EC34A88} = {9660C950-4026-3B00-9830-E5CF8EC34A88}
		{FF0DD263-F820-3DA2-8B77-1A693BD016A4} = {FF0DD263-F820-3DA2-8B77-1A693BD016A4}
		{4B2EFCB1-9109-3331-AFA4-C0230122B725} = {4B2EFCB1-9109-3331-AFA4-C0230122B725}
		{895783CC-C2D9-3E8F-B643-87FEB521EBD8} = {895783CC-C2D9-3E8F-B643-87FEB521EBD8}
		{458100D9-5C60-3C11-90D3-8C2CFD23C629} = {458100D9-5C60-3C11-90D3-8C2CFD23C629}
		{B8551947-826D-3FC0-9CC8-7A6C1919112C} = {B8551947-826D-3FC0-9CC8-7A6C1919112C}
		{94AF0E33-55D8-3D2E-9585-FA4391033909} = {94AF0E33-55D8-3D2E-9585-FA4391033909}
	EndProjectSection
EndProject
Project("{8BC9CEB8-8B4A-11D0-8D11-00A0C91BC942}") = "App_obj2sdf", "Extras\obj2sdf\App_obj2sdf.vcxproj", "{F2BD7E2A-6263-3733-9A2D-FF45EAA4CA06}"
	ProjectSection(ProjectDependencies) = postProject
		{24F53AFF-86AB-3B79-90DA-62132196B3F3} = {24F53AFF-86AB-3B79-90DA-62132196B3F3}
		{B8551947-826D-3FC0-9CC8-7A6C1919112C} = {B8551947-826D-3FC0-9CC8-7A6C1919112C}
	EndProjectSection
EndProject
Project("{8BC9CEB8-8B4A-11D0-8D11-00A0C91BC942}") = "Bullet2FileLoader", "src\Bullet3Serialize\Bullet2FileLoader\Bullet2FileLoader.vcxproj", "{91F6F288-73A5-3542-B13A-447ED4F72A0F}"
	ProjectSection(ProjectDependencies) = postProject
		{B8551947-826D-3FC0-9CC8-7A6C1919112C} = {B8551947-826D-3FC0-9CC8-7A6C1919112C}
	EndProjectSection
EndProject
Project("{8BC9CEB8-8B4A-11D0-8D11-00A0C91BC942}") = "Bullet3Collision", "src\Bullet3Collision\Bullet3Collision.vcxproj", "{F675710B-BB27-367E-9D10-CF0BD4EEB653}"
	ProjectSection(ProjectDependencies) = postProject
		{B8551947-826D-3FC0-9CC8-7A6C1919112C} = {B8551947-826D-3FC0-9CC8-7A6C1919112C}
	EndProjectSection
EndProject
Project("{8BC9CEB8-8B4A-11D0-8D11-00A0C91BC942}") = "Bullet3Common", "src\Bullet3Common\Bullet3Common.vcxproj", "{24F53AFF-86AB-3B79-90DA-62132196B3F3}"
	ProjectSection(ProjectDependencies) = postProject
		{B8551947-826D-3FC0-9CC8-7A6C1919112C} = {B8551947-826D-3FC0-9CC8-7A6C1919112C}
	EndProjectSection
EndProject
Project("{8BC9CEB8-8B4A-11D0-8D11-00A0C91BC942}") = "Bullet3Dynamics", "src\Bullet3Dynamics\Bullet3Dynamics.vcxproj", "{4CC3258E-2B6F-37AD-88EE-C51460B60986}"
	ProjectSection(ProjectDependencies) = postProject
		{B8551947-826D-3FC0-9CC8-7A6C1919112C} = {B8551947-826D-3FC0-9CC8-7A6C1919112C}
	EndProjectSection
EndProject
Project("{8BC9CEB8-8B4A-11D0-8D11-00A0C91BC942}") = "Bullet3Geometry", "src\Bullet3Geometry\Bullet3Geometry.vcxproj", "{05D0C91A-47AF-302F-90E1-FC1785BEED16}"
	ProjectSection(ProjectDependencies) = postProject
		{B8551947-826D-3FC0-9CC8-7A6C1919112C} = {B8551947-826D-3FC0-9CC8-7A6C1919112C}
	EndProjectSection
EndProject
Project("{8BC9CEB8-8B4A-11D0-8D11-00A0C91BC942}") = "Bullet3OpenCL_clew", "src\Bullet3OpenCL\Bullet3OpenCL_clew.vcxproj", "{34DBEE87-3F1F-3D29-A14A-2DEAA9B0B4AD}"
	ProjectSection(ProjectDependencies) = postProject
		{B8551947-826D-3FC0-9CC8-7A6C1919112C} = {B8551947-826D-3FC0-9CC8-7A6C1919112C}
	EndProjectSection
EndProject
Project("{8BC9CEB8-8B4A-11D0-8D11-00A0C91BC942}") = "BulletCollision", "src\BulletCollision\BulletCollision.vcxproj", "{AD56931A-8038-380F-8B0B-5847C9B8BA00}"
	ProjectSection(ProjectDependencies) = postProject
		{B8551947-826D-3FC0-9CC8-7A6C1919112C} = {B8551947-826D-3FC0-9CC8-7A6C1919112C}
	EndProjectSection
EndProject
Project("{8BC9CEB8-8B4A-11D0-8D11-00A0C91BC942}") = "BulletDynamics", "src\BulletDynamics\BulletDynamics.vcxproj", "{C41B40D3-5461-3FE1-9B59-895A89842A09}"
	ProjectSection(ProjectDependencies) = postProject
		{B8551947-826D-3FC0-9CC8-7A6C1919112C} = {B8551947-826D-3FC0-9CC8-7A6C1919112C}
	EndProjectSection
EndProject
Project("{8BC9CEB8-8B4A-11D0-8D11-00A0C91BC942}") = "BulletExampleBrowserLib", "examples\ExampleBrowser\BulletExampleBrowserLib.vcxproj", "{703622D4-FAE9-3226-9FC1-DB3C702B11EC}"
	ProjectSection(ProjectDependencies) = postProject
		{B8551947-826D-3FC0-9CC8-7A6C1919112C} = {B8551947-826D-3FC0-9CC8-7A6C1919112C}
	EndProjectSection
EndProject
Project("{8BC9CEB8-8B4A-11D0-8D11-00A0C91BC942}") = "BulletFileLoader", "Extras\Serialize\BulletFileLoader\BulletFileLoader.vcxproj", "{9CB4C862-A935-33A7-96A4-6DF1796ED1E6}"
	ProjectSection(ProjectDependencies) = postProject
		{B8551947-826D-3FC0-9CC8-7A6C1919112C} = {B8551947-826D-3FC0-9CC8-7A6C1919112C}
	EndProjectSection
EndProject
Project("{8BC9CEB8-8B4A-11D0-8D11-00A0C91BC942}") = "BulletInverseDynamics", "src\BulletInverseDynamics\BulletInverseDynamics.vcxproj", "{5272990D-E925-31DB-8D61-9F4E5941BE54}"
	ProjectSection(ProjectDependencies) = postProject
		{B8551947-826D-3FC0-9CC8-7A6C1919112C} = {B8551947-826D-3FC0-9CC8-7A6C1919112C}
	EndProjectSection
EndProject
Project("{8BC9CEB8-8B4A-11D0-8D11-00A0C91BC942}") = "BulletInverseDynamicsUtils", "Extras\InverseDynamics\BulletInverseDynamicsUtils.vcxproj", "{D4A59F90-F75A-3CC2-98DB-D4E59853AD9A}"
	ProjectSection(ProjectDependencies) = postProject
		{B8551947-826D-3FC0-9CC8-7A6C1919112C} = {B8551947-826D-3FC0-9CC8-7A6C1919112C}
	EndProjectSection
EndProject
Project("{8BC9CEB8-8B4A-11D0-8D11-00A0C91BC942}") = "BulletRobotics", "Extras\BulletRobotics\BulletRobotics.vcxproj", "{FEC21DED-3F7C-3275-A464-93E7E0A57C39}"
	ProjectSection(ProjectDependencies) = postProject
		{B8551947-826D-3FC0-9CC8-7A6C1919112C} = {B8551947-826D-3FC0-9CC8-7A6C1919112C}
	EndProjectSection
EndProject
Project("{8BC9CEB8-8B4A-11D0-8D11-00A0C91BC942}") = "BulletSoftBody", "src\BulletSoftBody\BulletSoftBody.vcxproj", "{9660C950-4026-3B00-9830-E5CF8EC34A88}"
	ProjectSection(ProjectDependencies) = postProject
		{B8551947-826D-3FC0-9CC8-7A6C1919112C} = {B8551947-826D-3FC0-9CC8-7A6C1919112C}
	EndProjectSection
EndProject
Project("{8BC9CEB8-8B4A-11D0-8D11-00A0C91BC942}") = "BulletWorldImporter", "Extras\Serialize\BulletWorldImporter\BulletWorldImporter.vcxproj", "{FF0DD263-F820-3DA2-8B77-1A693BD016A4}"
	ProjectSection(ProjectDependencies) = postProject
		{B8551947-826D-3FC0-9CC8-7A6C1919112C} = {B8551947-826D-3FC0-9CC8-7A6C1919112C}
	EndProjectSection
EndProject
Project("{8BC9CEB8-8B4A-11D0-8D11-00A0C91BC942}") = "BulletXmlWorldImporter", "Extras\Serialize\BulletXmlWorldImporter\BulletXmlWorldImporter.vcxproj", "{A5774653-7C62-3DD7-84B8-AE53B32409A7}"
	ProjectSection(ProjectDependencies) = postProject
		{B8551947-826D-3FC0-9CC8-7A6C1919112C} = {B8551947-826D-3FC0-9CC8-7A6C1919112C}
	EndProjectSection
EndProject
Project("{8BC9CEB8-8B4A-11D0-8D11-00A0C91BC942}") = "BussIK", "examples\ThirdPartyLibs\BussIK\BussIK.vcxproj", "{4B2EFCB1-9109-3331-AFA4-C0230122B725}"
	ProjectSection(ProjectDependencies) = postProject
		{B8551947-826D-3FC0-9CC8-7A6C1919112C} = {B8551947-826D-3FC0-9CC8-7A6C1919112C}
	EndProjectSection
EndProject
Project("{8BC9CEB8-8B4A-11D0-8D11-00A0C91BC942}") = "ConvexDecomposition", "Extras\ConvexDecomposition\ConvexDecomposition.vcxproj", "{46119A91-08EF-3ECC-AF94-183065CC0B10}"
	ProjectSection(ProjectDependencies) = postProject
		{B8551947-826D-3FC0-9CC8-7A6C1919112C} = {B8551947-826D-3FC0-9CC8-7A6C1919112C}
	EndProjectSection
EndProject
Project("{8BC9CEB8-8B4A-11D0-8D11-00A0C91BC942}") = "GIMPACTUtils", "Extras\GIMPACTUtils\GIMPACTUtils.vcxproj", "{093B8FC6-E595-3BC8-AB2E-755F9E192D04}"
	ProjectSection(ProjectDependencies) = postProject
		{B8551947-826D-3FC0-9CC8-7A6C1919112C} = {B8551947-826D-3FC0-9CC8-7A6C1919112C}
	EndProjectSection
EndProject
Project("{8BC9CEB8-8B4A-11D0-8D11-00A0C91BC942}") = "HACD", "Extras\HACD\HACD.vcxproj", "{E3EFAF25-8E29-3DFF-B6A8-188E0918DEE1}"
	ProjectSection(ProjectDependencies) = postProject
		{B8551947-826D-3FC0-9CC8-7A6C1919112C} = {B8551947-826D-3FC0-9CC8-7A6C1919112C}
	EndProjectSection
EndProject
Project("{8BC9CEB8-8B4A-11D0-8D11-00A0C91BC942}") = "INSTALL", "INSTALL.vcxproj", "{E9D55D31-BF13-36E8-ADF8-52831B32E764}"
	ProjectSection(ProjectDependencies) = postProject
		{0BD8A433-4732-3DC3-996A-8A7C22E089A1} = {0BD8A433-4732-3DC3-996A-8A7C22E089A1}
		{B8551947-826D-3FC0-9CC8-7A6C1919112C} = {B8551947-826D-3FC0-9CC8-7A6C1919112C}
	EndProjectSection
EndProject
Project("{8BC9CEB8-8B4A-11D0-8D11-00A0C91BC942}") = "LinearMath", "src\LinearMath\LinearMath.vcxproj", "{895783CC-C2D9-3E8F-B643-87FEB521EBD8}"
	ProjectSection(ProjectDependencies) = postProject
		{B8551947-826D-3FC0-9CC8-7A6C1919112C} = {B8551947-826D-3FC0-9CC8-7A6C1919112C}
	EndProjectSection
EndProject
Project("{8BC9CEB8-8B4A-11D0-8D11-00A0C91BC942}") = "OpenGLWindow", "examples\OpenGLWindow\OpenGLWindow.vcxproj", "{458100D9-5C60-3C11-90D3-8C2CFD23C629}"
	ProjectSection(ProjectDependencies) = postProject
		{B8551947-826D-3FC0-9CC8-7A6C1919112C} = {B8551947-826D-3FC0-9CC8-7A6C1919112C}
	EndProjectSection
EndProject
Project("{8BC9CEB8-8B4A-11D0-8D11-00A0C91BC942}") = "RUN_TESTS", "RUN_TESTS.vcxproj", "{C109F60C-37F7-3495-A4E3-40A3225B6C84}"
	ProjectSection(ProjectDependencies) = postProject
		{B8551947-826D-3FC0-9CC8-7A6C1919112C} = {B8551947-826D-3FC0-9CC8-7A6C1919112C}
	EndProjectSection
EndProject
Project("{8BC9CEB8-8B4A-11D0-8D11-00A0C91BC942}") = "Test_BulletDynamics", "test\BulletDynamics\pendulum\Test_BulletDynamics.vcxproj", "{EB91D8CD-8FBD-3EAC-BA6A-E281911BECFE}"
	ProjectSection(ProjectDependencies) = postProject
		{AD56931A-8038-380F-8B0B-5847C9B8BA00} = {AD56931A-8038-380F-8B0B-5847C9B8BA00}
		{C41B40D3-5461-3FE1-9B59-895A89842A09} = {C41B40D3-5461-3FE1-9B59-895A89842A09}
		{895783CC-C2D9-3E8F-B643-87FEB521EBD8} = {895783CC-C2D9-3E8F-B643-87FEB521EBD8}
		{B8551947-826D-3FC0-9CC8-7A6C1919112C} = {B8551947-826D-3FC0-9CC8-7A6C1919112C}
		{8D1F8707-5DBA-33B3-AFCD-15D7DA40936A} = {8D1F8707-5DBA-33B3-AFCD-15D7DA40936A}
	EndProjectSection
EndProject
Project("{8BC9CEB8-8B4A-11D0-8D11-00A0C91BC942}") = "Test_BulletInverseDynamics", "test\InverseDynamics\Test_BulletInverseDynamics.vcxproj", "{B658395F-27D5-3197-B241-B797F1298BEC}"
	ProjectSection(ProjectDependencies) = postProject
		{24F53AFF-86AB-3B79-90DA-62132196B3F3} = {24F53AFF-86AB-3B79-90DA-62132196B3F3}
		{AD56931A-8038-380F-8B0B-5847C9B8BA00} = {AD56931A-8038-380F-8B0B-5847C9B8BA00}
		{C41B40D3-5461-3FE1-9B59-895A89842A09} = {C41B40D3-5461-3FE1-9B59-895A89842A09}
		{5272990D-E925-31DB-8D61-9F4E5941BE54} = {5272990D-E925-31DB-8D61-9F4E5941BE54}
		{D4A59F90-F75A-3CC2-98DB-D4E59853AD9A} = {D4A59F90-F75A-3CC2-98DB-D4E59853AD9A}
		{895783CC-C2D9-3E8F-B643-87FEB521EBD8} = {895783CC-C2D9-3E8F-B643-87FEB521EBD8}
		{B8551947-826D-3FC0-9CC8-7A6C1919112C} = {B8551947-826D-3FC0-9CC8-7A6C1919112C}
		{8D1F8707-5DBA-33B3-AFCD-15D7DA40936A} = {8D1F8707-5DBA-33B3-AFCD-15D7DA40936A}
	EndProjectSection
EndProject
Project("{8BC9CEB8-8B4A-11D0-8D11-00A0C91BC942}") = "Test_BulletInverseDynamicsJacobian", "test\InverseDynamics\Test_BulletInverseDynamicsJacobian.vcxproj", "{9137706C-C41C-33F2-B1CA-19D0B1322C7D}"
	ProjectSection(ProjectDependencies) = postProject
		{24F53AFF-86AB-3B79-90DA-62132196B3F3} = {24F53AFF-86AB-3B79-90DA-62132196B3F3}
		{5272990D-E925-31DB-8D61-9F4E5941BE54} = {5272990D-E925-31DB-8D61-9F4E5941BE54}
		{D4A59F90-F75A-3CC2-98DB-D4E59853AD9A} = {D4A59F90-F75A-3CC2-98DB-D4E59853AD9A}
		{895783CC-C2D9-3E8F-B643-87FEB521EBD8} = {895783CC-C2D9-3E8F-B643-87FEB521EBD8}
		{B8551947-826D-3FC0-9CC8-7A6C1919112C} = {B8551947-826D-3FC0-9CC8-7A6C1919112C}
		{8D1F8707-5DBA-33B3-AFCD-15D7DA40936A} = {8D1F8707-5DBA-33B3-AFCD-15D7DA40936A}
	EndProjectSection
EndProject
Project("{8BC9CEB8-8B4A-11D0-8D11-00A0C91BC942}") = "Test_BulletInverseForwardDynamics", "test\InverseDynamics\Test_BulletInverseForwardDynamics.vcxproj", "{4D200B28-B393-3D36-968E-F64C19DB2822}"
	ProjectSection(ProjectDependencies) = postProject
		{24F53AFF-86AB-3B79-90DA-62132196B3F3} = {24F53AFF-86AB-3B79-90DA-62132196B3F3}
		{AD56931A-8038-380F-8B0B-5847C9B8BA00} = {AD56931A-8038-380F-8B0B-5847C9B8BA00}
		{C41B40D3-5461-3FE1-9B59-895A89842A09} = {C41B40D3-5461-3FE1-9B59-895A89842A09}
		{5272990D-E925-31DB-8D61-9F4E5941BE54} = {5272990D-E925-31DB-8D61-9F4E5941BE54}
		{D4A59F90-F75A-3CC2-98DB-D4E59853AD9A} = {D4A59F90-F75A-3CC2-98DB-D4E59853AD9A}
		{895783CC-C2D9-3E8F-B643-87FEB521EBD8} = {895783CC-C2D9-3E8F-B643-87FEB521EBD8}
		{B8551947-826D-3FC0-9CC8-7A6C1919112C} = {B8551947-826D-3FC0-9CC8-7A6C1919112C}
		{8D1F8707-5DBA-33B3-AFCD-15D7DA40936A} = {8D1F8707-5DBA-33B3-AFCD-15D7DA40936A}
	EndProjectSection
EndProject
Project("{8BC9CEB8-8B4A-11D0-8D11-00A0C91BC942}") = "Test_Collision", "test\collision\Test_Collision.vcxproj", "{574BBDA1-4937-33EB-8B9D-B4741F776A54}"
	ProjectSection(ProjectDependencies) = postProject
		{895783CC-C2D9-3E8F-B643-87FEB521EBD8} = {895783CC-C2D9-3E8F-B643-87FEB521EBD8}
		{B8551947-826D-3FC0-9CC8-7A6C1919112C} = {B8551947-826D-3FC0-9CC8-7A6C1919112C}
		{8D1F8707-5DBA-33B3-AFCD-15D7DA40936A} = {8D1F8707-5DBA-33B3-AFCD-15D7DA40936A}
	EndProjectSection
EndProject
Project("{8BC9CEB8-8B4A-11D0-8D11-00A0C91BC942}") = "Test_PhysicsClientServer", "test\SharedMemory\Test_PhysicsClientServer.vcxproj", "{ECB3B533-38AB-36DA-B852-C7435360D82F}"
	ProjectSection(ProjectDependencies) = postProject
		{24F53AFF-86AB-3B79-90DA-62132196B3F3} = {24F53AFF-86AB-3B79-90DA-62132196B3F3}
		{AD56931A-8038-380F-8B0B-5847C9B8BA00} = {AD56931A-8038-380F-8B0B-5847C9B8BA00}
		{C41B40D3-5461-3FE1-9B59-895A89842A09} = {C41B40D3-5461-3FE1-9B59-895A89842A09}
		{9CB4C862-A935-33A7-96A4-6DF1796ED1E6} = {9CB4C862-A935-33A7-96A4-6DF1796ED1E6}
		{5272990D-E925-31DB-8D61-9F4E5941BE54} = {5272990D-E925-31DB-8D61-9F4E5941BE54}
		{D4A59F90-F75A-3CC2-98DB-D4E59853AD9A} = {D4A59F90-F75A-3CC2-98DB-D4E59853AD9A}
		{FF0DD263-F820-3DA2-8B77-1A693BD016A4} = {FF0DD263-F820-3DA2-8B77-1A693BD016A4}
		{4B2EFCB1-9109-3331-AFA4-C0230122B725} = {4B2EFCB1-9109-3331-AFA4-C0230122B725}
		{895783CC-C2D9-3E8F-B643-87FEB521EBD8} = {895783CC-C2D9-3E8F-B643-87FEB521EBD8}
		{B8551947-826D-3FC0-9CC8-7A6C1919112C} = {B8551947-826D-3FC0-9CC8-7A6C1919112C}
		{8D1F8707-5DBA-33B3-AFCD-15D7DA40936A} = {8D1F8707-5DBA-33B3-AFCD-15D7DA40936A}
	EndProjectSection
EndProject
Project("{8BC9CEB8-8B4A-11D0-8D11-00A0C91BC942}") = "Test_btKinematicCharacterController", "test\BulletDynamics\Test_btKinematicCharacterController.vcxproj", "{8D4AF769-7717-3A05-9564-9F5D4987BE7E}"
	ProjectSection(ProjectDependencies) = postProject
		{AD56931A-8038-380F-8B0B-5847C9B8BA00} = {AD56931A-8038-380F-8B0B-5847C9B8BA00}
		{C41B40D3-5461-3FE1-9B59-895A89842A09} = {C41B40D3-5461-3FE1-9B59-895A89842A09}
		{895783CC-C2D9-3E8F-B643-87FEB521EBD8} = {895783CC-C2D9-3E8F-B643-87FEB521EBD8}
		{B8551947-826D-3FC0-9CC8-7A6C1919112C} = {B8551947-826D-3FC0-9CC8-7A6C1919112C}
		{8D1F8707-5DBA-33B3-AFCD-15D7DA40936A} = {8D1F8707-5DBA-33B3-AFCD-15D7DA40936A}
	EndProjectSection
EndProject
Project("{8BC9CEB8-8B4A-11D0-8D11-00A0C91BC942}") = "ZERO_CHECK", "ZERO_CHECK.vcxproj", "{B8551947-826D-3FC0-9CC8-7A6C1919112C}"
	ProjectSection(ProjectDependencies) = postProject
	EndProjectSection
EndProject
Project("{8BC9CEB8-8B4A-11D0-8D11-00A0C91BC942}") = "clsocket", "examples\ThirdPartyLibs\clsocket\clsocket.vcxproj", "{CCDD3AD7-D77D-3238-AC26-BDB0E0332C4A}"
	ProjectSection(ProjectDependencies) = postProject
		{B8551947-826D-3FC0-9CC8-7A6C1919112C} = {B8551947-826D-3FC0-9CC8-7A6C1919112C}
	EndProjectSection
EndProject
Project("{8BC9CEB8-8B4A-11D0-8D11-00A0C91BC942}") = "gtest", "test\gtest-1.7.0\gtest.vcxproj", "{8D1F8707-5DBA-33B3-AFCD-15D7DA40936A}"
	ProjectSection(ProjectDependencies) = postProject
		{B8551947-826D-3FC0-9CC8-7A6C1919112C} = {B8551947-826D-3FC0-9CC8-7A6C1919112C}
	EndProjectSection
EndProject
Project("{8BC9CEB8-8B4A-11D0-8D11-00A0C91BC942}") = "gwen", "examples\ThirdPartyLibs\Gwen\gwen.vcxproj", "{94AF0E33-55D8-3D2E-9585-FA4391033909}"
	ProjectSection(ProjectDependencies) = postProject
		{B8551947-826D-3FC0-9CC8-7A6C1919112C} = {B8551947-826D-3FC0-9CC8-7A6C1919112C}
	EndProjectSection
EndProject
Global
	GlobalSection(SolutionConfigurationPlatforms) = preSolution
		Debug|Win32 = Debug|Win32
		Release|Win32 = Release|Win32
		MinSizeRel|Win32 = MinSizeRel|Win32
		RelWithDebInfo|Win32 = RelWithDebInfo|Win32
	EndGlobalSection
	GlobalSection(ProjectConfigurationPlatforms) = postSolution
		{0BD8A433-4732-3DC3-996A-8A7C22E089A1}.Debug|Win32.ActiveCfg = Debug|Win32
		{0BD8A433-4732-3DC3-996A-8A7C22E089A1}.Debug|Win32.Build.0 = Debug|Win32
		{0BD8A433-4732-3DC3-996A-8A7C22E089A1}.Release|Win32.ActiveCfg = Release|Win32
		{0BD8A433-4732-3DC3-996A-8A7C22E089A1}.Release|Win32.Build.0 = Release|Win32
		{0BD8A433-4732-3DC3-996A-8A7C22E089A1}.MinSizeRel|Win32.ActiveCfg = MinSizeRel|Win32
		{0BD8A433-4732-3DC3-996A-8A7C22E089A1}.MinSizeRel|Win32.Build.0 = MinSizeRel|Win32
		{0BD8A433-4732-3DC3-996A-8A7C22E089A1}.RelWithDebInfo|Win32.ActiveCfg = RelWithDebInfo|Win32
		{0BD8A433-4732-3DC3-996A-8A7C22E089A1}.RelWithDebInfo|Win32.Build.0 = RelWithDebInfo|Win32
		{3A612CEE-3049-398B-87DD-60552006A92D}.Debug|Win32.ActiveCfg = Debug|Win32
		{3A612CEE-3049-398B-87DD-60552006A92D}.Debug|Win32.Build.0 = Debug|Win32
		{3A612CEE-3049-398B-87DD-60552006A92D}.Release|Win32.ActiveCfg = Release|Win32
		{3A612CEE-3049-398B-87DD-60552006A92D}.Release|Win32.Build.0 = Release|Win32
		{3A612CEE-3049-398B-87DD-60552006A92D}.MinSizeRel|Win32.ActiveCfg = MinSizeRel|Win32
		{3A612CEE-3049-398B-87DD-60552006A92D}.MinSizeRel|Win32.Build.0 = MinSizeRel|Win32
		{3A612CEE-3049-398B-87DD-60552006A92D}.RelWithDebInfo|Win32.ActiveCfg = RelWithDebInfo|Win32
		{3A612CEE-3049-398B-87DD-60552006A92D}.RelWithDebInfo|Win32.Build.0 = RelWithDebInfo|Win32
		{61D0CB12-2A86-3D72-9F01-4B4FAC1C900F}.Debug|Win32.ActiveCfg = Debug|Win32
		{61D0CB12-2A86-3D72-9F01-4B4FAC1C900F}.Debug|Win32.Build.0 = Debug|Win32
		{61D0CB12-2A86-3D72-9F01-4B4FAC1C900F}.Release|Win32.ActiveCfg = Release|Win32
		{61D0CB12-2A86-3D72-9F01-4B4FAC1C900F}.Release|Win32.Build.0 = Release|Win32
		{61D0CB12-2A86-3D72-9F01-4B4FAC1C900F}.MinSizeRel|Win32.ActiveCfg = MinSizeRel|Win32
		{61D0CB12-2A86-3D72-9F01-4B4FAC1C900F}.MinSizeRel|Win32.Build.0 = MinSizeRel|Win32
		{61D0CB12-2A86-3D72-9F01-4B4FAC1C900F}.RelWithDebInfo|Win32.ActiveCfg = RelWithDebInfo|Win32
		{61D0CB12-2A86-3D72-9F01-4B4FAC1C900F}.RelWithDebInfo|Win32.Build.0 = RelWithDebInfo|Win32
		{48EBE60A-2C76-3D5F-A06B-54F4F53F12A5}.Debug|Win32.ActiveCfg = Debug|Win32
		{48EBE60A-2C76-3D5F-A06B-54F4F53F12A5}.Debug|Win32.Build.0 = Debug|Win32
		{48EBE60A-2C76-3D5F-A06B-54F4F53F12A5}.Release|Win32.ActiveCfg = Release|Win32
		{48EBE60A-2C76-3D5F-A06B-54F4F53F12A5}.Release|Win32.Build.0 = Release|Win32
		{48EBE60A-2C76-3D5F-A06B-54F4F53F12A5}.MinSizeRel|Win32.ActiveCfg = MinSizeRel|Win32
		{48EBE60A-2C76-3D5F-A06B-54F4F53F12A5}.MinSizeRel|Win32.Build.0 = MinSizeRel|Win32
		{48EBE60A-2C76-3D5F-A06B-54F4F53F12A5}.RelWithDebInfo|Win32.ActiveCfg = RelWithDebInfo|Win32
		{48EBE60A-2C76-3D5F-A06B-54F4F53F12A5}.RelWithDebInfo|Win32.Build.0 = RelWithDebInfo|Win32
		{D7E74BEE-3D11-33CA-A4C2-284CB73040D6}.Debug|Win32.ActiveCfg = Debug|Win32
		{D7E74BEE-3D11-33CA-A4C2-284CB73040D6}.Debug|Win32.Build.0 = Debug|Win32
		{D7E74BEE-3D11-33CA-A4C2-284CB73040D6}.Release|Win32.ActiveCfg = Release|Win32
		{D7E74BEE-3D11-33CA-A4C2-284CB73040D6}.Release|Win32.Build.0 = Release|Win32
		{D7E74BEE-3D11-33CA-A4C2-284CB73040D6}.MinSizeRel|Win32.ActiveCfg = MinSizeRel|Win32
		{D7E74BEE-3D11-33CA-A4C2-284CB73040D6}.MinSizeRel|Win32.Build.0 = MinSizeRel|Win32
		{D7E74BEE-3D11-33CA-A4C2-284CB73040D6}.RelWithDebInfo|Win32.ActiveCfg = RelWithDebInfo|Win32
		{D7E74BEE-3D11-33CA-A4C2-284CB73040D6}.RelWithDebInfo|Win32.Build.0 = RelWithDebInfo|Win32
		{8742866D-BAE7-358D-95C2-298F673E8796}.Debug|Win32.ActiveCfg = Debug|Win32
		{8742866D-BAE7-358D-95C2-298F673E8796}.Debug|Win32.Build.0 = Debug|Win32
		{8742866D-BAE7-358D-95C2-298F673E8796}.Release|Win32.ActiveCfg = Release|Win32
		{8742866D-BAE7-358D-95C2-298F673E8796}.Release|Win32.Build.0 = Release|Win32
		{8742866D-BAE7-358D-95C2-298F673E8796}.MinSizeRel|Win32.ActiveCfg = MinSizeRel|Win32
		{8742866D-BAE7-358D-95C2-298F673E8796}.MinSizeRel|Win32.Build.0 = MinSizeRel|Win32
		{8742866D-BAE7-358D-95C2-298F673E8796}.RelWithDebInfo|Win32.ActiveCfg = RelWithDebInfo|Win32
		{8742866D-BAE7-358D-95C2-298F673E8796}.RelWithDebInfo|Win32.Build.0 = RelWithDebInfo|Win32
		{163F48E9-2827-3CF1-974A-74D2960D309A}.Debug|Win32.ActiveCfg = Debug|Win32
		{163F48E9-2827-3CF1-974A-74D2960D309A}.Debug|Win32.Build.0 = Debug|Win32
		{163F48E9-2827-3CF1-974A-74D2960D309A}.Release|Win32.ActiveCfg = Release|Win32
		{163F48E9-2827-3CF1-974A-74D2960D309A}.Release|Win32.Build.0 = Release|Win32
		{163F48E9-2827-3CF1-974A-74D2960D309A}.MinSizeRel|Win32.ActiveCfg = MinSizeRel|Win32
		{163F48E9-2827-3CF1-974A-74D2960D309A}.MinSizeRel|Win32.Build.0 = MinSizeRel|Win32
		{163F48E9-2827-3CF1-974A-74D2960D309A}.RelWithDebInfo|Win32.ActiveCfg = RelWithDebInfo|Win32
		{163F48E9-2827-3CF1-974A-74D2960D309A}.RelWithDebInfo|Win32.Build.0 = RelWithDebInfo|Win32
		{E5053336-955E-3E93-B3F0-17DD808EB299}.Debug|Win32.ActiveCfg = Debug|Win32
		{E5053336-955E-3E93-B3F0-17DD808EB299}.Debug|Win32.Build.0 = Debug|Win32
		{E5053336-955E-3E93-B3F0-17DD808EB299}.Release|Win32.ActiveCfg = Release|Win32
		{E5053336-955E-3E93-B3F0-17DD808EB299}.Release|Win32.Build.0 = Release|Win32
		{E5053336-955E-3E93-B3F0-17DD808EB299}.MinSizeRel|Win32.ActiveCfg = MinSizeRel|Win32
		{E5053336-955E-3E93-B3F0-17DD808EB299}.MinSizeRel|Win32.Build.0 = MinSizeRel|Win32
		{E5053336-955E-3E93-B3F0-17DD808EB299}.RelWithDebInfo|Win32.ActiveCfg = RelWithDebInfo|Win32
		{E5053336-955E-3E93-B3F0-17DD808EB299}.RelWithDebInfo|Win32.Build.0 = RelWithDebInfo|Win32
		{A74A9F34-F1AA-3B40-9ED6-B5A2E1D806B2}.Debug|Win32.ActiveCfg = Debug|Win32
		{A74A9F34-F1AA-3B40-9ED6-B5A2E1D806B2}.Debug|Win32.Build.0 = Debug|Win32
		{A74A9F34-F1AA-3B40-9ED6-B5A2E1D806B2}.Release|Win32.ActiveCfg = Release|Win32
		{A74A9F34-F1AA-3B40-9ED6-B5A2E1D806B2}.Release|Win32.Build.0 = Release|Win32
		{A74A9F34-F1AA-3B40-9ED6-B5A2E1D806B2}.MinSizeRel|Win32.ActiveCfg = MinSizeRel|Win32
		{A74A9F34-F1AA-3B40-9ED6-B5A2E1D806B2}.MinSizeRel|Win32.Build.0 = MinSizeRel|Win32
		{A74A9F34-F1AA-3B40-9ED6-B5A2E1D806B2}.RelWithDebInfo|Win32.ActiveCfg = RelWithDebInfo|Win32
		{A74A9F34-F1AA-3B40-9ED6-B5A2E1D806B2}.RelWithDebInfo|Win32.Build.0 = RelWithDebInfo|Win32
		{F2BD7E2A-6263-3733-9A2D-FF45EAA4CA06}.Debug|Win32.ActiveCfg = Debug|Win32
		{F2BD7E2A-6263-3733-9A2D-FF45EAA4CA06}.Debug|Win32.Build.0 = Debug|Win32
		{F2BD7E2A-6263-3733-9A2D-FF45EAA4CA06}.Release|Win32.ActiveCfg = Release|Win32
		{F2BD7E2A-6263-3733-9A2D-FF45EAA4CA06}.Release|Win32.Build.0 = Release|Win32
		{F2BD7E2A-6263-3733-9A2D-FF45EAA4CA06}.MinSizeRel|Win32.ActiveCfg = MinSizeRel|Win32
		{F2BD7E2A-6263-3733-9A2D-FF45EAA4CA06}.MinSizeRel|Win32.Build.0 = MinSizeRel|Win32
		{F2BD7E2A-6263-3733-9A2D-FF45EAA4CA06}.RelWithDebInfo|Win32.ActiveCfg = RelWithDebInfo|Win32
		{F2BD7E2A-6263-3733-9A2D-FF45EAA4CA06}.RelWithDebInfo|Win32.Build.0 = RelWithDebInfo|Win32
		{91F6F288-73A5-3542-B13A-447ED4F72A0F}.Debug|Win32.ActiveCfg = Debug|Win32
		{91F6F288-73A5-3542-B13A-447ED4F72A0F}.Debug|Win32.Build.0 = Debug|Win32
		{91F6F288-73A5-3542-B13A-447ED4F72A0F}.Release|Win32.ActiveCfg = Release|Win32
		{91F6F288-73A5-3542-B13A-447ED4F72A0F}.Release|Win32.Build.0 = Release|Win32
		{91F6F288-73A5-3542-B13A-447ED4F72A0F}.MinSizeRel|Win32.ActiveCfg = MinSizeRel|Win32
		{91F6F288-73A5-3542-B13A-447ED4F72A0F}.MinSizeRel|Win32.Build.0 = MinSizeRel|Win32
		{91F6F288-73A5-3542-B13A-447ED4F72A0F}.RelWithDebInfo|Win32.ActiveCfg = RelWithDebInfo|Win32
		{91F6F288-73A5-3542-B13A-447ED4F72A0F}.RelWithDebInfo|Win32.Build.0 = RelWithDebInfo|Win32
		{F675710B-BB27-367E-9D10-CF0BD4EEB653}.Debug|Win32.ActiveCfg = Debug|Win32
		{F675710B-BB27-367E-9D10-CF0BD4EEB653}.Debug|Win32.Build.0 = Debug|Win32
		{F675710B-BB27-367E-9D10-CF0BD4EEB653}.Release|Win32.ActiveCfg = Release|Win32
		{F675710B-BB27-367E-9D10-CF0BD4EEB653}.Release|Win32.Build.0 = Release|Win32
		{F675710B-BB27-367E-9D10-CF0BD4EEB653}.MinSizeRel|Win32.ActiveCfg = MinSizeRel|Win32
		{F675710B-BB27-367E-9D10-CF0BD4EEB653}.MinSizeRel|Win32.Build.0 = MinSizeRel|Win32
		{F675710B-BB27-367E-9D10-CF0BD4EEB653}.RelWithDebInfo|Win32.ActiveCfg = RelWithDebInfo|Win32
		{F675710B-BB27-367E-9D10-CF0BD4EEB653}.RelWithDebInfo|Win32.Build.0 = RelWithDebInfo|Win32
		{24F53AFF-86AB-3B79-90DA-62132196B3F3}.Debug|Win32.ActiveCfg = Debug|Win32
		{24F53AFF-86AB-3B79-90DA-62132196B3F3}.Debug|Win32.Build.0 = Debug|Win32
		{24F53AFF-86AB-3B79-90DA-62132196B3F3}.Release|Win32.ActiveCfg = Release|Win32
		{24F53AFF-86AB-3B79-90DA-62132196B3F3}.Release|Win32.Build.0 = Release|Win32
		{24F53AFF-86AB-3B79-90DA-62132196B3F3}.MinSizeRel|Win32.ActiveCfg = MinSizeRel|Win32
		{24F53AFF-86AB-3B79-90DA-62132196B3F3}.MinSizeRel|Win32.Build.0 = MinSizeRel|Win32
		{24F53AFF-86AB-3B79-90DA-62132196B3F3}.RelWithDebInfo|Win32.ActiveCfg = RelWithDebInfo|Win32
		{24F53AFF-86AB-3B79-90DA-62132196B3F3}.RelWithDebInfo|Win32.Build.0 = RelWithDebInfo|Win32
		{4CC3258E-2B6F-37AD-88EE-C51460B60986}.Debug|Win32.ActiveCfg = Debug|Win32
		{4CC3258E-2B6F-37AD-88EE-C51460B60986}.Debug|Win32.Build.0 = Debug|Win32
		{4CC3258E-2B6F-37AD-88EE-C51460B60986}.Release|Win32.ActiveCfg = Release|Win32
		{4CC3258E-2B6F-37AD-88EE-C51460B60986}.Release|Win32.Build.0 = Release|Win32
		{4CC3258E-2B6F-37AD-88EE-C51460B60986}.MinSizeRel|Win32.ActiveCfg = MinSizeRel|Win32
		{4CC3258E-2B6F-37AD-88EE-C51460B60986}.MinSizeRel|Win32.Build.0 = MinSizeRel|Win32
		{4CC3258E-2B6F-37AD-88EE-C51460B60986}.RelWithDebInfo|Win32.ActiveCfg = RelWithDebInfo|Win32
		{4CC3258E-2B6F-37AD-88EE-C51460B60986}.RelWithDebInfo|Win32.Build.0 = RelWithDebInfo|Win32
		{05D0C91A-47AF-302F-90E1-FC1785BEED16}.Debug|Win32.ActiveCfg = Debug|Win32
		{05D0C91A-47AF-302F-90E1-FC1785BEED16}.Debug|Win32.Build.0 = Debug|Win32
		{05D0C91A-47AF-302F-90E1-FC1785BEED16}.Release|Win32.ActiveCfg = Release|Win32
		{05D0C91A-47AF-302F-90E1-FC1785BEED16}.Release|Win32.Build.0 = Release|Win32
		{05D0C91A-47AF-302F-90E1-FC1785BEED16}.MinSizeRel|Win32.ActiveCfg = MinSizeRel|Win32
		{05D0C91A-47AF-302F-90E1-FC1785BEED16}.MinSizeRel|Win32.Build.0 = MinSizeRel|Win32
		{05D0C91A-47AF-302F-90E1-FC1785BEED16}.RelWithDebInfo|Win32.ActiveCfg = RelWithDebInfo|Win32
		{05D0C91A-47AF-302F-90E1-FC1785BEED16}.RelWithDebInfo|Win32.Build.0 = RelWithDebInfo|Win32
		{34DBEE87-3F1F-3D29-A14A-2DEAA9B0B4AD}.Debug|Win32.ActiveCfg = Debug|Win32
		{34DBEE87-3F1F-3D29-A14A-2DEAA9B0B4AD}.Debug|Win32.Build.0 = Debug|Win32
		{34DBEE87-3F1F-3D29-A14A-2DEAA9B0B4AD}.Release|Win32.ActiveCfg = Release|Win32
		{34DBEE87-3F1F-3D29-A14A-2DEAA9B0B4AD}.Release|Win32.Build.0 = Release|Win32
		{34DBEE87-3F1F-3D29-A14A-2DEAA9B0B4AD}.MinSizeRel|Win32.ActiveCfg = MinSizeRel|Win32
		{34DBEE87-3F1F-3D29-A14A-2DEAA9B0B4AD}.MinSizeRel|Win32.Build.0 = MinSizeRel|Win32
		{34DBEE87-3F1F-3D29-A14A-2DEAA9B0B4AD}.RelWithDebInfo|Win32.ActiveCfg = RelWithDebInfo|Win32
		{34DBEE87-3F1F-3D29-A14A-2DEAA9B0B4AD}.RelWithDebInfo|Win32.Build.0 = RelWithDebInfo|Win32
		{AD56931A-8038-380F-8B0B-5847C9B8BA00}.Debug|Win32.ActiveCfg = Debug|Win32
		{AD56931A-8038-380F-8B0B-5847C9B8BA00}.Debug|Win32.Build.0 = Debug|Win32
		{AD56931A-8038-380F-8B0B-5847C9B8BA00}.Release|Win32.ActiveCfg = Release|Win32
		{AD56931A-8038-380F-8B0B-5847C9B8BA00}.Release|Win32.Build.0 = Release|Win32
		{AD56931A-8038-380F-8B0B-5847C9B8BA00}.MinSizeRel|Win32.ActiveCfg = MinSizeRel|Win32
		{AD56931A-8038-380F-8B0B-5847C9B8BA00}.MinSizeRel|Win32.Build.0 = MinSizeRel|Win32
		{AD56931A-8038-380F-8B0B-5847C9B8BA00}.RelWithDebInfo|Win32.ActiveCfg = RelWithDebInfo|Win32
		{AD56931A-8038-380F-8B0B-5847C9B8BA00}.RelWithDebInfo|Win32.Build.0 = RelWithDebInfo|Win32
		{C41B40D3-5461-3FE1-9B59-895A89842A09}.Debug|Win32.ActiveCfg = Debug|Win32
		{C41B40D3-5461-3FE1-9B59-895A89842A09}.Debug|Win32.Build.0 = Debug|Win32
		{C41B40D3-5461-3FE1-9B59-895A89842A09}.Release|Win32.ActiveCfg = Release|Win32
		{C41B40D3-5461-3FE1-9B59-895A89842A09}.Release|Win32.Build.0 = Release|Win32
		{C41B40D3-5461-3FE1-9B59-895A89842A09}.MinSizeRel|Win32.ActiveCfg = MinSizeRel|Win32
		{C41B40D3-5461-3FE1-9B59-895A89842A09}.MinSizeRel|Win32.Build.0 = MinSizeRel|Win32
		{C41B40D3-5461-3FE1-9B59-895A89842A09}.RelWithDebInfo|Win32.ActiveCfg = RelWithDebInfo|Win32
		{C41B40D3-5461-3FE1-9B59-895A89842A09}.RelWithDebInfo|Win32.Build.0 = RelWithDebInfo|Win32
		{703622D4-FAE9-3226-9FC1-DB3C702B11EC}.Debug|Win32.ActiveCfg = Debug|Win32
		{703622D4-FAE9-3226-9FC1-DB3C702B11EC}.Debug|Win32.Build.0 = Debug|Win32
		{703622D4-FAE9-3226-9FC1-DB3C702B11EC}.Release|Win32.ActiveCfg = Release|Win32
		{703622D4-FAE9-3226-9FC1-DB3C702B11EC}.Release|Win32.Build.0 = Release|Win32
		{703622D4-FAE9-3226-9FC1-DB3C702B11EC}.MinSizeRel|Win32.ActiveCfg = MinSizeRel|Win32
		{703622D4-FAE9-3226-9FC1-DB3C702B11EC}.MinSizeRel|Win32.Build.0 = MinSizeRel|Win32
		{703622D4-FAE9-3226-9FC1-DB3C702B11EC}.RelWithDebInfo|Win32.ActiveCfg = RelWithDebInfo|Win32
		{703622D4-FAE9-3226-9FC1-DB3C702B11EC}.RelWithDebInfo|Win32.Build.0 = RelWithDebInfo|Win32
		{9CB4C862-A935-33A7-96A4-6DF1796ED1E6}.Debug|Win32.ActiveCfg = Debug|Win32
		{9CB4C862-A935-33A7-96A4-6DF1796ED1E6}.Debug|Win32.Build.0 = Debug|Win32
		{9CB4C862-A935-33A7-96A4-6DF1796ED1E6}.Release|Win32.ActiveCfg = Release|Win32
		{9CB4C862-A935-33A7-96A4-6DF1796ED1E6}.Release|Win32.Build.0 = Release|Win32
		{9CB4C862-A935-33A7-96A4-6DF1796ED1E6}.MinSizeRel|Win32.ActiveCfg = MinSizeRel|Win32
		{9CB4C862-A935-33A7-96A4-6DF1796ED1E6}.MinSizeRel|Win32.Build.0 = MinSizeRel|Win32
		{9CB4C862-A935-33A7-96A4-6DF1796ED1E6}.RelWithDebInfo|Win32.ActiveCfg = RelWithDebInfo|Win32
		{9CB4C862-A935-33A7-96A4-6DF1796ED1E6}.RelWithDebInfo|Win32.Build.0 = RelWithDebInfo|Win32
		{5272990D-E925-31DB-8D61-9F4E5941BE54}.Debug|Win32.ActiveCfg = Debug|Win32
		{5272990D-E925-31DB-8D61-9F4E5941BE54}.Debug|Win32.Build.0 = Debug|Win32
		{5272990D-E925-31DB-8D61-9F4E5941BE54}.Release|Win32.ActiveCfg = Release|Win32
		{5272990D-E925-31DB-8D61-9F4E5941BE54}.Release|Win32.Build.0 = Release|Win32
		{5272990D-E925-31DB-8D61-9F4E5941BE54}.MinSizeRel|Win32.ActiveCfg = MinSizeRel|Win32
		{5272990D-E925-31DB-8D61-9F4E5941BE54}.MinSizeRel|Win32.Build.0 = MinSizeRel|Win32
		{5272990D-E925-31DB-8D61-9F4E5941BE54}.RelWithDebInfo|Win32.ActiveCfg = RelWithDebInfo|Win32
		{5272990D-E925-31DB-8D61-9F4E5941BE54}.RelWithDebInfo|Win32.Build.0 = RelWithDebInfo|Win32
		{D4A59F90-F75A-3CC2-98DB-D4E59853AD9A}.Debug|Win32.ActiveCfg = Debug|Win32
		{D4A59F90-F75A-3CC2-98DB-D4E59853AD9A}.Debug|Win32.Build.0 = Debug|Win32
		{D4A59F90-F75A-3CC2-98DB-D4E59853AD9A}.Release|Win32.ActiveCfg = Release|Win32
		{D4A59F90-F75A-3CC2-98DB-D4E59853AD9A}.Release|Win32.Build.0 = Release|Win32
		{D4A59F90-F75A-3CC2-98DB-D4E59853AD9A}.MinSizeRel|Win32.ActiveCfg = MinSizeRel|Win32
		{D4A59F90-F75A-3CC2-98DB-D4E59853AD9A}.MinSizeRel|Win32.Build.0 = MinSizeRel|Win32
		{D4A59F90-F75A-3CC2-98DB-D4E59853AD9A}.RelWithDebInfo|Win32.ActiveCfg = RelWithDebInfo|Win32
		{D4A59F90-F75A-3CC2-98DB-D4E59853AD9A}.RelWithDebInfo|Win32.Build.0 = RelWithDebInfo|Win32
		{FEC21DED-3F7C-3275-A464-93E7E0A57C39}.Debug|Win32.ActiveCfg = Debug|Win32
		{FEC21DED-3F7C-3275-A464-93E7E0A57C39}.Debug|Win32.Build.0 = Debug|Win32
		{FEC21DED-3F7C-3275-A464-93E7E0A57C39}.Release|Win32.ActiveCfg = Release|Win32
		{FEC21DED-3F7C-3275-A464-93E7E0A57C39}.Release|Win32.Build.0 = Release|Win32
		{FEC21DED-3F7C-3275-A464-93E7E0A57C39}.MinSizeRel|Win32.ActiveCfg = MinSizeRel|Win32
		{FEC21DED-3F7C-3275-A464-93E7E0A57C39}.MinSizeRel|Win32.Build.0 = MinSizeRel|Win32
		{FEC21DED-3F7C-3275-A464-93E7E0A57C39}.RelWithDebInfo|Win32.ActiveCfg = RelWithDebInfo|Win32
		{FEC21DED-3F7C-3275-A464-93E7E0A57C39}.RelWithDebInfo|Win32.Build.0 = RelWithDebInfo|Win32
		{9660C950-4026-3B00-9830-E5CF8EC34A88}.Debug|Win32.ActiveCfg = Debug|Win32
		{9660C950-4026-3B00-9830-E5CF8EC34A88}.Debug|Win32.Build.0 = Debug|Win32
		{9660C950-4026-3B00-9830-E5CF8EC34A88}.Release|Win32.ActiveCfg = Release|Win32
		{9660C950-4026-3B00-9830-E5CF8EC34A88}.Release|Win32.Build.0 = Release|Win32
		{9660C950-4026-3B00-9830-E5CF8EC34A88}.MinSizeRel|Win32.ActiveCfg = MinSizeRel|Win32
		{9660C950-4026-3B00-9830-E5CF8EC34A88}.MinSizeRel|Win32.Build.0 = MinSizeRel|Win32
		{9660C950-4026-3B00-9830-E5CF8EC34A88}.RelWithDebInfo|Win32.ActiveCfg = RelWithDebInfo|Win32
		{9660C950-4026-3B00-9830-E5CF8EC34A88}.RelWithDebInfo|Win32.Build.0 = RelWithDebInfo|Win32
		{FF0DD263-F820-3DA2-8B77-1A693BD016A4}.Debug|Win32.ActiveCfg = Debug|Win32
		{FF0DD263-F820-3DA2-8B77-1A693BD016A4}.Debug|Win32.Build.0 = Debug|Win32
		{FF0DD263-F820-3DA2-8B77-1A693BD016A4}.Release|Win32.ActiveCfg = Release|Win32
		{FF0DD263-F820-3DA2-8B77-1A693BD016A4}.Release|Win32.Build.0 = Release|Win32
		{FF0DD263-F820-3DA2-8B77-1A693BD016A4}.MinSizeRel|Win32.ActiveCfg = MinSizeRel|Win32
		{FF0DD263-F820-3DA2-8B77-1A693BD016A4}.MinSizeRel|Win32.Build.0 = MinSizeRel|Win32
		{FF0DD263-F820-3DA2-8B77-1A693BD016A4}.RelWithDebInfo|Win32.ActiveCfg = RelWithDebInfo|Win32
		{FF0DD263-F820-3DA2-8B77-1A693BD016A4}.RelWithDebInfo|Win32.Build.0 = RelWithDebInfo|Win32
		{A5774653-7C62-3DD7-84B8-AE53B32409A7}.Debug|Win32.ActiveCfg = Debug|Win32
		{A5774653-7C62-3DD7-84B8-AE53B32409A7}.Debug|Win32.Build.0 = Debug|Win32
		{A5774653-7C62-3DD7-84B8-AE53B32409A7}.Release|Win32.ActiveCfg = Release|Win32
		{A5774653-7C62-3DD7-84B8-AE53B32409A7}.Release|Win32.Build.0 = Release|Win32
		{A5774653-7C62-3DD7-84B8-AE53B32409A7}.MinSizeRel|Win32.ActiveCfg = MinSizeRel|Win32
		{A5774653-7C62-3DD7-84B8-AE53B32409A7}.MinSizeRel|Win32.Build.0 = MinSizeRel|Win32
		{A5774653-7C62-3DD7-84B8-AE53B32409A7}.RelWithDebInfo|Win32.ActiveCfg = RelWithDebInfo|Win32
		{A5774653-7C62-3DD7-84B8-AE53B32409A7}.RelWithDebInfo|Win32.Build.0 = RelWithDebInfo|Win32
		{4B2EFCB1-9109-3331-AFA4-C0230122B725}.Debug|Win32.ActiveCfg = Debug|Win32
		{4B2EFCB1-9109-3331-AFA4-C0230122B725}.Debug|Win32.Build.0 = Debug|Win32
		{4B2EFCB1-9109-3331-AFA4-C0230122B725}.Release|Win32.ActiveCfg = Release|Win32
		{4B2EFCB1-9109-3331-AFA4-C0230122B725}.Release|Win32.Build.0 = Release|Win32
		{4B2EFCB1-9109-3331-AFA4-C0230122B725}.MinSizeRel|Win32.ActiveCfg = MinSizeRel|Win32
		{4B2EFCB1-9109-3331-AFA4-C0230122B725}.MinSizeRel|Win32.Build.0 = MinSizeRel|Win32
		{4B2EFCB1-9109-3331-AFA4-C0230122B725}.RelWithDebInfo|Win32.ActiveCfg = RelWithDebInfo|Win32
		{4B2EFCB1-9109-3331-AFA4-C0230122B725}.RelWithDebInfo|Win32.Build.0 = RelWithDebInfo|Win32
		{46119A91-08EF-3ECC-AF94-183065CC0B10}.Debug|Win32.ActiveCfg = Debug|Win32
		{46119A91-08EF-3ECC-AF94-183065CC0B10}.Debug|Win32.Build.0 = Debug|Win32
		{46119A91-08EF-3ECC-AF94-183065CC0B10}.Release|Win32.ActiveCfg = Release|Win32
		{46119A91-08EF-3ECC-AF94-183065CC0B10}.Release|Win32.Build.0 = Release|Win32
		{46119A91-08EF-3ECC-AF94-183065CC0B10}.MinSizeRel|Win32.ActiveCfg = MinSizeRel|Win32
		{46119A91-08EF-3ECC-AF94-183065CC0B10}.MinSizeRel|Win32.Build.0 = MinSizeRel|Win32
		{46119A91-08EF-3ECC-AF94-183065CC0B10}.RelWithDebInfo|Win32.ActiveCfg = RelWithDebInfo|Win32
		{46119A91-08EF-3ECC-AF94-183065CC0B10}.RelWithDebInfo|Win32.Build.0 = RelWithDebInfo|Win32
		{093B8FC6-E595-3BC8-AB2E-755F9E192D04}.Debug|Win32.ActiveCfg = Debug|Win32
		{093B8FC6-E595-3BC8-AB2E-755F9E192D04}.Debug|Win32.Build.0 = Debug|Win32
		{093B8FC6-E595-3BC8-AB2E-755F9E192D04}.Release|Win32.ActiveCfg = Release|Win32
		{093B8FC6-E595-3BC8-AB2E-755F9E192D04}.Release|Win32.Build.0 = Release|Win32
		{093B8FC6-E595-3BC8-AB2E-755F9E192D04}.MinSizeRel|Win32.ActiveCfg = MinSizeRel|Win32
		{093B8FC6-E595-3BC8-AB2E-755F9E192D04}.MinSizeRel|Win32.Build.0 = MinSizeRel|Win32
		{093B8FC6-E595-3BC8-AB2E-755F9E192D04}.RelWithDebInfo|Win32.ActiveCfg = RelWithDebInfo|Win32
		{093B8FC6-E595-3BC8-AB2E-755F9E192D04}.RelWithDebInfo|Win32.Build.0 = RelWithDebInfo|Win32
		{E3EFAF25-8E29-3DFF-B6A8-188E0918DEE1}.Debug|Win32.ActiveCfg = Debug|Win32
		{E3EFAF25-8E29-3DFF-B6A8-188E0918DEE1}.Debug|Win32.Build.0 = Debug|Win32
		{E3EFAF25-8E29-3DFF-B6A8-188E0918DEE1}.Release|Win32.ActiveCfg = Release|Win32
		{E3EFAF25-8E29-3DFF-B6A8-188E0918DEE1}.Release|Win32.Build.0 = Release|Win32
		{E3EFAF25-8E29-3DFF-B6A8-188E0918DEE1}.MinSizeRel|Win32.ActiveCfg = MinSizeRel|Win32
		{E3EFAF25-8E29-3DFF-B6A8-188E0918DEE1}.MinSizeRel|Win32.Build.0 = MinSizeRel|Win32
		{E3EFAF25-8E29-3DFF-B6A8-188E0918DEE1}.RelWithDebInfo|Win32.ActiveCfg = RelWithDebInfo|Win32
		{E3EFAF25-8E29-3DFF-B6A8-188E0918DEE1}.RelWithDebInfo|Win32.Build.0 = RelWithDebInfo|Win32
		{E9D55D31-BF13-36E8-ADF8-52831B32E764}.Debug|Win32.ActiveCfg = Debug|Win32
		{E9D55D31-BF13-36E8-ADF8-52831B32E764}.Release|Win32.ActiveCfg = Release|Win32
		{E9D55D31-BF13-36E8-ADF8-52831B32E764}.MinSizeRel|Win32.ActiveCfg = MinSizeRel|Win32
		{E9D55D31-BF13-36E8-ADF8-52831B32E764}.RelWithDebInfo|Win32.ActiveCfg = RelWithDebInfo|Win32
		{895783CC-C2D9-3E8F-B643-87FEB521EBD8}.Debug|Win32.ActiveCfg = Debug|Win32
		{895783CC-C2D9-3E8F-B643-87FEB521EBD8}.Debug|Win32.Build.0 = Debug|Win32
		{895783CC-C2D9-3E8F-B643-87FEB521EBD8}.Release|Win32.ActiveCfg = Release|Win32
		{895783CC-C2D9-3E8F-B643-87FEB521EBD8}.Release|Win32.Build.0 = Release|Win32
		{895783CC-C2D9-3E8F-B643-87FEB521EBD8}.MinSizeRel|Win32.ActiveCfg = MinSizeRel|Win32
		{895783CC-C2D9-3E8F-B643-87FEB521EBD8}.MinSizeRel|Win32.Build.0 = MinSizeRel|Win32
		{895783CC-C2D9-3E8F-B643-87FEB521EBD8}.RelWithDebInfo|Win32.ActiveCfg = RelWithDebInfo|Win32
		{895783CC-C2D9-3E8F-B643-87FEB521EBD8}.RelWithDebInfo|Win32.Build.0 = RelWithDebInfo|Win32
		{458100D9-5C60-3C11-90D3-8C2CFD23C629}.Debug|Win32.ActiveCfg = Debug|Win32
		{458100D9-5C60-3C11-90D3-8C2CFD23C629}.Debug|Win32.Build.0 = Debug|Win32
		{458100D9-5C60-3C11-90D3-8C2CFD23C629}.Release|Win32.ActiveCfg = Release|Win32
		{458100D9-5C60-3C11-90D3-8C2CFD23C629}.Release|Win32.Build.0 = Release|Win32
		{458100D9-5C60-3C11-90D3-8C2CFD23C629}.MinSizeRel|Win32.ActiveCfg = MinSizeRel|Win32
		{458100D9-5C60-3C11-90D3-8C2CFD23C629}.MinSizeRel|Win32.Build.0 = MinSizeRel|Win32
		{458100D9-5C60-3C11-90D3-8C2CFD23C629}.RelWithDebInfo|Win32.ActiveCfg = RelWithDebInfo|Win32
		{458100D9-5C60-3C11-90D3-8C2CFD23C629}.RelWithDebInfo|Win32.Build.0 = RelWithDebInfo|Win32
		{C109F60C-37F7-3495-A4E3-40A3225B6C84}.Debug|Win32.ActiveCfg = Debug|Win32
		{C109F60C-37F7-3495-A4E3-40A3225B6C84}.Release|Win32.ActiveCfg = Release|Win32
		{C109F60C-37F7-3495-A4E3-40A3225B6C84}.MinSizeRel|Win32.ActiveCfg = MinSizeRel|Win32
		{C109F60C-37F7-3495-A4E3-40A3225B6C84}.RelWithDebInfo|Win32.ActiveCfg = RelWithDebInfo|Win32
		{EB91D8CD-8FBD-3EAC-BA6A-E281911BECFE}.Debug|Win32.ActiveCfg = Debug|Win32
		{EB91D8CD-8FBD-3EAC-BA6A-E281911BECFE}.Debug|Win32.Build.0 = Debug|Win32
		{EB91D8CD-8FBD-3EAC-BA6A-E281911BECFE}.Release|Win32.ActiveCfg = Release|Win32
		{EB91D8CD-8FBD-3EAC-BA6A-E281911BECFE}.Release|Win32.Build.0 = Release|Win32
		{EB91D8CD-8FBD-3EAC-BA6A-E281911BECFE}.MinSizeRel|Win32.ActiveCfg = MinSizeRel|Win32
		{EB91D8CD-8FBD-3EAC-BA6A-E281911BECFE}.MinSizeRel|Win32.Build.0 = MinSizeRel|Win32
		{EB91D8CD-8FBD-3EAC-BA6A-E281911BECFE}.RelWithDebInfo|Win32.ActiveCfg = RelWithDebInfo|Win32
		{EB91D8CD-8FBD-3EAC-BA6A-E281911BECFE}.RelWithDebInfo|Win32.Build.0 = RelWithDebInfo|Win32
		{B658395F-27D5-3197-B241-B797F1298BEC}.Debug|Win32.ActiveCfg = Debug|Win32
		{B658395F-27D5-3197-B241-B797F1298BEC}.Debug|Win32.Build.0 = Debug|Win32
		{B658395F-27D5-3197-B241-B797F1298BEC}.Release|Win32.ActiveCfg = Release|Win32
		{B658395F-27D5-3197-B241-B797F1298BEC}.Release|Win32.Build.0 = Release|Win32
		{B658395F-27D5-3197-B241-B797F1298BEC}.MinSizeRel|Win32.ActiveCfg = MinSizeRel|Win32
		{B658395F-27D5-3197-B241-B797F1298BEC}.MinSizeRel|Win32.Build.0 = MinSizeRel|Win32
		{B658395F-27D5-3197-B241-B797F1298BEC}.RelWithDebInfo|Win32.ActiveCfg = RelWithDebInfo|Win32
		{B658395F-27D5-3197-B241-B797F1298BEC}.RelWithDebInfo|Win32.Build.0 = RelWithDebInfo|Win32
		{9137706C-C41C-33F2-B1CA-19D0B1322C7D}.Debug|Win32.ActiveCfg = Debug|Win32
		{9137706C-C41C-33F2-B1CA-19D0B1322C7D}.Debug|Win32.Build.0 = Debug|Win32
		{9137706C-C41C-33F2-B1CA-19D0B1322C7D}.Release|Win32.ActiveCfg = Release|Win32
		{9137706C-C41C-33F2-B1CA-19D0B1322C7D}.Release|Win32.Build.0 = Release|Win32
		{9137706C-C41C-33F2-B1CA-19D0B1322C7D}.MinSizeRel|Win32.ActiveCfg = MinSizeRel|Win32
		{9137706C-C41C-33F2-B1CA-19D0B1322C7D}.MinSizeRel|Win32.Build.0 = MinSizeRel|Win32
		{9137706C-C41C-33F2-B1CA-19D0B1322C7D}.RelWithDebInfo|Win32.ActiveCfg = RelWithDebInfo|Win32
		{9137706C-C41C-33F2-B1CA-19D0B1322C7D}.RelWithDebInfo|Win32.Build.0 = RelWithDebInfo|Win32
		{4D200B28-B393-3D36-968E-F64C19DB2822}.Debug|Win32.ActiveCfg = Debug|Win32
		{4D200B28-B393-3D36-968E-F64C19DB2822}.Debug|Win32.Build.0 = Debug|Win32
		{4D200B28-B393-3D36-968E-F64C19DB2822}.Release|Win32.ActiveCfg = Release|Win32
		{4D200B28-B393-3D36-968E-F64C19DB2822}.Release|Win32.Build.0 = Release|Win32
		{4D200B28-B393-3D36-968E-F64C19DB2822}.MinSizeRel|Win32.ActiveCfg = MinSizeRel|Win32
		{4D200B28-B393-3D36-968E-F64C19DB2822}.MinSizeRel|Win32.Build.0 = MinSizeRel|Win32
		{4D200B28-B393-3D36-968E-F64C19DB2822}.RelWithDebInfo|Win32.ActiveCfg = RelWithDebInfo|Win32
		{4D200B28-B393-3D36-968E-F64C19DB2822}.RelWithDebInfo|Win32.Build.0 = RelWithDebInfo|Win32
		{574BBDA1-4937-33EB-8B9D-B4741F776A54}.Debug|Win32.ActiveCfg = Debug|Win32
		{574BBDA1-4937-33EB-8B9D-B4741F776A54}.Debug|Win32.Build.0 = Debug|Win32
		{574BBDA1-4937-33EB-8B9D-B4741F776A54}.Release|Win32.ActiveCfg = Release|Win32
		{574BBDA1-4937-33EB-8B9D-B4741F776A54}.Release|Win32.Build.0 = Release|Win32
		{574BBDA1-4937-33EB-8B9D-B4741F776A54}.MinSizeRel|Win32.ActiveCfg = MinSizeRel|Win32
		{574BBDA1-4937-33EB-8B9D-B4741F776A54}.MinSizeRel|Win32.Build.0 = MinSizeRel|Win32
		{574BBDA1-4937-33EB-8B9D-B4741F776A54}.RelWithDebInfo|Win32.ActiveCfg = RelWithDebInfo|Win32
		{574BBDA1-4937-33EB-8B9D-B4741F776A54}.RelWithDebInfo|Win32.Build.0 = RelWithDebInfo|Win32
		{ECB3B533-38AB-36DA-B852-C7435360D82F}.Debug|Win32.ActiveCfg = Debug|Win32
		{ECB3B533-38AB-36DA-B852-C7435360D82F}.Debug|Win32.Build.0 = Debug|Win32
		{ECB3B533-38AB-36DA-B852-C7435360D82F}.Release|Win32.ActiveCfg = Release|Win32
		{ECB3B533-38AB-36DA-B852-C7435360D82F}.Release|Win32.Build.0 = Release|Win32
		{ECB3B533-38AB-36DA-B852-C7435360D82F}.MinSizeRel|Win32.ActiveCfg = MinSizeRel|Win32
		{ECB3B533-38AB-36DA-B852-C7435360D82F}.MinSizeRel|Win32.Build.0 = MinSizeRel|Win32
		{ECB3B533-38AB-36DA-B852-C7435360D82F}.RelWithDebInfo|Win32.ActiveCfg = RelWithDebInfo|Win32
		{ECB3B533-38AB-36DA-B852-C7435360D82F}.RelWithDebInfo|Win32.Build.0 = RelWithDebInfo|Win32
		{8D4AF769-7717-3A05-9564-9F5D4987BE7E}.Debug|Win32.ActiveCfg = Debug|Win32
		{8D4AF769-7717-3A05-9564-9F5D4987BE7E}.Debug|Win32.Build.0 = Debug|Win32
		{8D4AF769-7717-3A05-9564-9F5D4987BE7E}.Release|Win32.ActiveCfg = Release|Win32
		{8D4AF769-7717-3A05-9564-9F5D4987BE7E}.Release|Win32.Build.0 = Release|Win32
		{8D4AF769-7717-3A05-9564-9F5D4987BE7E}.MinSizeRel|Win32.ActiveCfg = MinSizeRel|Win32
		{8D4AF769-7717-3A05-9564-9F5D4987BE7E}.MinSizeRel|Win32.Build.0 = MinSizeRel|Win32
		{8D4AF769-7717-3A05-9564-9F5D4987BE7E}.RelWithDebInfo|Win32.ActiveCfg = RelWithDebInfo|Win32
		{8D4AF769-7717-3A05-9564-9F5D4987BE7E}.RelWithDebInfo|Win32.Build.0 = RelWithDebInfo|Win32
		{B8551947-826D-3FC0-9CC8-7A6C1919112C}.Debug|Win32.ActiveCfg = Debug|Win32
		{B8551947-826D-3FC0-9CC8-7A6C1919112C}.Debug|Win32.Build.0 = Debug|Win32
		{B8551947-826D-3FC0-9CC8-7A6C1919112C}.Release|Win32.ActiveCfg = Release|Win32
		{B8551947-826D-3FC0-9CC8-7A6C1919112C}.Release|Win32.Build.0 = Release|Win32
		{B8551947-826D-3FC0-9CC8-7A6C1919112C}.MinSizeRel|Win32.ActiveCfg = MinSizeRel|Win32
		{B8551947-826D-3FC0-9CC8-7A6C1919112C}.MinSizeRel|Win32.Build.0 = MinSizeRel|Win32
		{B8551947-826D-3FC0-9CC8-7A6C1919112C}.RelWithDebInfo|Win32.ActiveCfg = RelWithDebInfo|Win32
		{B8551947-826D-3FC0-9CC8-7A6C1919112C}.RelWithDebInfo|Win32.Build.0 = RelWithDebInfo|Win32
		{CCDD3AD7-D77D-3238-AC26-BDB0E0332C4A}.Debug|Win32.ActiveCfg = Debug|Win32
		{CCDD3AD7-D77D-3238-AC26-BDB0E0332C4A}.Debug|Win32.Build.0 = Debug|Win32
		{CCDD3AD7-D77D-3238-AC26-BDB0E0332C4A}.Release|Win32.ActiveCfg = Release|Win32
		{CCDD3AD7-D77D-3238-AC26-BDB0E0332C4A}.Release|Win32.Build.0 = Release|Win32
		{CCDD3AD7-D77D-3238-AC26-BDB0E0332C4A}.MinSizeRel|Win32.ActiveCfg = MinSizeRel|Win32
		{CCDD3AD7-D77D-3238-AC26-BDB0E0332C4A}.MinSizeRel|Win32.Build.0 = MinSizeRel|Win32
		{CCDD3AD7-D77D-3238-AC26-BDB0E0332C4A}.RelWithDebInfo|Win32.ActiveCfg = RelWithDebInfo|Win32
		{CCDD3AD7-D77D-3238-AC26-BDB0E0332C4A}.RelWithDebInfo|Win32.Build.0 = RelWithDebInfo|Win32
		{8D1F8707-5DBA-33B3-AFCD-15D7DA40936A}.Debug|Win32.ActiveCfg = Debug|Win32
		{8D1F8707-5DBA-33B3-AFCD-15D7DA40936A}.Debug|Win32.Build.0 = Debug|Win32
		{8D1F8707-5DBA-33B3-AFCD-15D7DA40936A}.Release|Win32.ActiveCfg = Release|Win32
		{8D1F8707-5DBA-33B3-AFCD-15D7DA40936A}.Release|Win32.Build.0 = Release|Win32
		{8D1F8707-5DBA-33B3-AFCD-15D7DA40936A}.MinSizeRel|Win32.ActiveCfg = MinSizeRel|Win32
		{8D1F8707-5DBA-33B3-AFCD-15D7DA40936A}.MinSizeRel|Win32.Build.0 = MinSizeRel|Win32
		{8D1F8707-5DBA-33B3-AFCD-15D7DA40936A}.RelWithDebInfo|Win32.ActiveCfg = RelWithDebInfo|Win32
		{8D1F8707-5DBA-33B3-AFCD-15D7DA40936A}.RelWithDebInfo|Win32.Build.0 = RelWithDebInfo|Win32
		{94AF0E33-55D8-3D2E-9585-FA4391033909}.Debug|Win32.ActiveCfg = Debug|Win32
		{94AF0E33-55D8-3D2E-9585-FA4391033909}.Debug|Win32.Build.0 = Debug|Win32
		{94AF0E33-55D8-3D2E-9585-FA4391033909}.Release|Win32.ActiveCfg = Release|Win32
		{94AF0E33-55D8-3D2E-9585-FA4391033909}.Release|Win32.Build.0 = Release|Win32
		{94AF0E33-55D8-3D2E-9585-FA4391033909}.MinSizeRel|Win32.ActiveCfg = MinSizeRel|Win32
		{94AF0E33-55D8-3D2E-9585-FA4391033909}.MinSizeRel|Win32.Build.0 = MinSizeRel|Win32
		{94AF0E33-55D8-3D2E-9585-FA4391033909}.RelWithDebInfo|Win32.ActiveCfg = RelWithDebInfo|Win32
		{94AF0E33-55D8-3D2E-9585-FA4391033909}.RelWithDebInfo|Win32.Build.0 = RelWithDebInfo|Win32
	EndGlobalSection
	GlobalSection(ExtensibilityGlobals) = postSolution
	EndGlobalSection
	GlobalSection(ExtensibilityAddIns) = postSolution
	EndGlobalSection
EndGlobal
