
Microsoft Visual Studio Solution File, Format Version 12.00
# Visual Studio 15
VisualStudioVersion = 15.0.27130.2027
MinimumVisualStudioVersion = 10.0.40219.1
Project("{8BC9CEB8-8B4A-11D0-8D11-00A0C91BC942}") = "HMEngine", "HMEngine\HMEngine.vcxproj", "{FC1BB493-B06E-4884-8029-6BBE36E9FFEC}"
EndProject
Project("{8BC9CEB8-8B4A-11D0-8D11-00A0C91BC942}") = "BulletCollision", "..\bullet\src\BulletCollision\BulletCollision.vcxproj", "{AD56931A-8038-380F-8B0B-5847C9B8BA00}"
EndProject
Project("{8BC9CEB8-8B4A-11D0-8D11-00A0C91BC942}") = "BulletDynamics", "..\bullet\src\BulletDynamics\BulletDynamics.vcxproj", "{C41B40D3-5461-3FE1-9B59-895A89842A09}"
EndProject
Project("{8BC9CEB8-8B4A-11D0-8D11-00A0C91BC942}") = "LinearMath", "..\bullet\src\LinearMath\LinearMath.vcxproj", "{895783CC-C2D9-3E8F-B643-87FEB521EBD8}"
EndProject
Global
	GlobalSection(SolutionConfigurationPlatforms) = preSolution
		Debug|x64 = Debug|x64
		Debug|x86 = Debug|x86
		MinSizeRel|x64 = MinSizeRel|x64
		MinSizeRel|x86 = MinSizeRel|x86
		Release|x64 = Release|x64
		Release|x86 = Release|x86
		RelWithDebInfo|x64 = RelWithDebInfo|x64
		RelWithDebInfo|x86 = RelWithDebInfo|x86
	EndGlobalSection
	GlobalSection(ProjectConfigurationPlatforms) = postSolution
		{FC1BB493-B06E-4884-8029-6BBE36E9FFEC}.Debug|x64.ActiveCfg = Debug|x64
		{FC1BB493-B06E-4884-8029-6BBE36E9FFEC}.Debug|x64.Build.0 = Debug|x64
		{FC1BB493-B06E-4884-8029-6BBE36E9FFEC}.Debug|x86.ActiveCfg = Debug|Win32
		{FC1BB493-B06E-4884-8029-6BBE36E9FFEC}.Debug|x86.Build.0 = Debug|Win32
		{FC1BB493-B06E-4884-8029-6BBE36E9FFEC}.MinSizeRel|x64.ActiveCfg = Release|x64
		{FC1BB493-B06E-4884-8029-6BBE36E9FFEC}.MinSizeRel|x64.Build.0 = Release|x64
		{FC1BB493-B06E-4884-8029-6BBE36E9FFEC}.MinSizeRel|x86.ActiveCfg = Release|Win32
		{FC1BB493-B06E-4884-8029-6BBE36E9FFEC}.MinSizeRel|x86.Build.0 = Release|Win32
		{FC1BB493-B06E-4884-8029-6BBE36E9FFEC}.Release|x64.ActiveCfg = Release|x64
		{FC1BB493-B06E-4884-8029-6BBE36E9FFEC}.Release|x64.Build.0 = Release|x64
		{FC1BB493-B06E-4884-8029-6BBE36E9FFEC}.Release|x86.ActiveCfg = Release|Win32
		{FC1BB493-B06E-4884-8029-6BBE36E9FFEC}.Release|x86.Build.0 = Release|Win32
		{FC1BB493-B06E-4884-8029-6BBE36E9FFEC}.RelWithDebInfo|x64.ActiveCfg = Release|x64
		{FC1BB493-B06E-4884-8029-6BBE36E9FFEC}.RelWithDebInfo|x64.Build.0 = Release|x64
		{FC1BB493-B06E-4884-8029-6BBE36E9FFEC}.RelWithDebInfo|x86.ActiveCfg = Release|Win32
		{FC1BB493-B06E-4884-8029-6BBE36E9FFEC}.RelWithDebInfo|x86.Build.0 = Release|Win32
		{AD56931A-8038-380F-8B0B-5847C9B8BA00}.Debug|x64.ActiveCfg = Debug|Win32
		{AD56931A-8038-380F-8B0B-5847C9B8BA00}.Debug|x86.ActiveCfg = Debug|Win32
		{AD56931A-8038-380F-8B0B-5847C9B8BA00}.Debug|x86.Build.0 = Debug|Win32
		{AD56931A-8038-380F-8B0B-5847C9B8BA00}.MinSizeRel|x64.ActiveCfg = MinSizeRel|Win32
		{AD56931A-8038-380F-8B0B-5847C9B8BA00}.MinSizeRel|x86.ActiveCfg = MinSizeRel|Win32
		{AD56931A-8038-380F-8B0B-5847C9B8BA00}.MinSizeRel|x86.Build.0 = MinSizeRel|Win32
		{AD56931A-8038-380F-8B0B-5847C9B8BA00}.Release|x64.ActiveCfg = Release|Win32
		{AD56931A-8038-380F-8B0B-5847C9B8BA00}.Release|x86.ActiveCfg = Release|Win32
		{AD56931A-8038-380F-8B0B-5847C9B8BA00}.Release|x86.Build.0 = Release|Win32
		{AD56931A-8038-380F-8B0B-5847C9B8BA00}.RelWithDebInfo|x64.ActiveCfg = RelWithDebInfo|Win32
		{AD56931A-8038-380F-8B0B-5847C9B8BA00}.RelWithDebInfo|x86.ActiveCfg = RelWithDebInfo|Win32
		{AD56931A-8038-380F-8B0B-5847C9B8BA00}.RelWithDebInfo|x86.Build.0 = RelWithDebInfo|Win32
		{C41B40D3-5461-3FE1-9B59-895A89842A09}.Debug|x64.ActiveCfg = Debug|Win32
		{C41B40D3-5461-3FE1-9B59-895A89842A09}.Debug|x86.ActiveCfg = Debug|Win32
		{C41B40D3-5461-3FE1-9B59-895A89842A09}.Debug|x86.Build.0 = Debug|Win32
		{C41B40D3-5461-3FE1-9B59-895A89842A09}.MinSizeRel|x64.ActiveCfg = MinSizeRel|Win32
		{C41B40D3-5461-3FE1-9B59-895A89842A09}.MinSizeRel|x86.ActiveCfg = MinSizeRel|Win32
		{C41B40D3-5461-3FE1-9B59-895A89842A09}.MinSizeRel|x86.Build.0 = MinSizeRel|Win32
		{C41B40D3-5461-3FE1-9B59-895A89842A09}.Release|x64.ActiveCfg = Release|Win32
		{C41B40D3-5461-3FE1-9B59-895A89842A09}.Release|x86.ActiveCfg = Release|Win32
		{C41B40D3-5461-3FE1-9B59-895A89842A09}.Release|x86.Build.0 = Release|Win32
		{C41B40D3-5461-3FE1-9B59-895A89842A09}.RelWithDebInfo|x64.ActiveCfg = RelWithDebInfo|Win32
		{C41B40D3-5461-3FE1-9B59-895A89842A09}.RelWithDebInfo|x86.ActiveCfg = RelWithDebInfo|Win32
		{C41B40D3-5461-3FE1-9B59-895A89842A09}.RelWithDebInfo|x86.Build.0 = RelWithDebInfo|Win32
		{895783CC-C2D9-3E8F-B643-87FEB521EBD8}.Debug|x64.ActiveCfg = Debug|Win32
		{895783CC-C2D9-3E8F-B643-87FEB521EBD8}.Debug|x86.ActiveCfg = Debug|Win32
		{895783CC-C2D9-3E8F-B643-87FEB521EBD8}.Debug|x86.Build.0 = Debug|Win32
		{895783CC-C2D9-3E8F-B643-87FEB521EBD8}.MinSizeRel|x64.ActiveCfg = MinSizeRel|Win32
		{895783CC-C2D9-3E8F-B643-87FEB521EBD8}.MinSizeRel|x86.ActiveCfg = MinSizeRel|Win32
		{895783CC-C2D9-3E8F-B643-87FEB521EBD8}.MinSizeRel|x86.Build.0 = MinSizeRel|Win32
		{895783CC-C2D9-3E8F-B643-87FEB521EBD8}.Release|x64.ActiveCfg = Release|Win32
		{895783CC-C2D9-3E8F-B643-87FEB521EBD8}.Release|x86.ActiveCfg = Release|Win32
		{895783CC-C2D9-3E8F-B643-87FEB521EBD8}.Release|x86.Build.0 = Release|Win32
		{895783CC-C2D9-3E8F-B643-87FEB521EBD8}.RelWithDebInfo|x64.ActiveCfg = RelWithDebInfo|Win32
		{895783CC-C2D9-3E8F-B643-87FEB521EBD8}.RelWithDebInfo|x86.ActiveCfg = RelWithDebInfo|Win32
		{895783CC-C2D9-3E8F-B643-87FEB521EBD8}.RelWithDebInfo|x86.Build.0 = RelWithDebInfo|Win32
	EndGlobalSection
	GlobalSection(SolutionProperties) = preSolution
		HideSolutionNode = FALSE
	EndGlobalSection
	GlobalSection(ExtensibilityGlobals) = postSolution
		SolutionGuid = {2ECDC6F4-1CB0-4E8F-8046-D53755C19E79}
	EndGlobalSection
EndGlobal
