<?xml version="1.0" encoding="UTF-8"?>
<Project ToolsVersion="15.0" xmlns="http://schemas.microsoft.com/developer/msbuild/2003">
  <ItemGroup>
    <CustomBuild Include="D:\Users\HOME\Desktop\bullet\CMakeFiles\4427541426a18ff5be01206cbdee6388\RUN_TESTS_force.rule">
      <Filter>CMake Rules</Filter>
    </CustomBuild>
  </ItemGroup>
  <ItemGroup>
    <Filter Include="CMake Rules">
      <UniqueIdentifier>{7BE18CA4-3515-376B-B68C-D2FD8A412794}</UniqueIdentifier>
    </Filter>
  </ItemGroup>
</Project>
